// !$*UTF8*$!
{
	archiveVersion = 1;
	classes = {
	};
	objectVersion = 54;
	objects = {

/* Begin PBXBuildFile section */
		02283E4861864AAAB110CD7C /* DMSans_24pt-Medium.ttf in Resources */ = {isa = PBXBuildFile; fileRef = 4486BD8DB47B4AD48A9C3580 /* DMSans_24pt-Medium.ttf */; };
		02859A549FEB4289975B08F8 /* DMSans_18pt-Medium.ttf in Resources */ = {isa = PBXBuildFile; fileRef = C2A91B79C6664B6E97F3D588 /* DMSans_18pt-Medium.ttf */; };
		09B3426394DD43F0813F4937 /* DMSans_24pt-ExtraLight.ttf in Resources */ = {isa = PBXBuildFile; fileRef = E3D62A3402144BB2B58B4F6E /* DMSans_24pt-ExtraLight.ttf */; };
		0AB2C79CC0A34DC9A60EFD36 /* DMSans_24pt-SemiBoldItalic.ttf in Resources */ = {isa = PBXBuildFile; fileRef = 87FD7DDEB2F140ECA0189041 /* DMSans_24pt-SemiBoldItalic.ttf */; };
		0D30E7AC57B2468F8FC4182D /* DMSans_24pt-Regular.ttf in Resources */ = {isa = PBXBuildFile; fileRef = B761868CD60D4FFFAFC9200F /* DMSans_24pt-Regular.ttf */; };
		0E91AEC35A0C4882A3F6381A /* DMSans_24pt-BlackItalic.ttf in Resources */ = {isa = PBXBuildFile; fileRef = DF1ECBD2F71B40D69638D6A0 /* DMSans_24pt-BlackItalic.ttf */; };
		0E973C332597416BB183062D /* DMSans_24pt-ExtraBoldItalic.ttf in Resources */ = {isa = PBXBuildFile; fileRef = 2CF6E1BF4B35428A80085688 /* DMSans_24pt-ExtraBoldItalic.ttf */; };
		13B07FBC1A68108700A75B9A /* AppDelegate.mm in Sources */ = {isa = PBXBuildFile; fileRef = 13B07FB01A68108700A75B9A /* AppDelegate.mm */; };
		13B07FBF1A68108700A75B9A /* Images.xcassets in Resources */ = {isa = PBXBuildFile; fileRef = 13B07FB51A68108700A75B9A /* Images.xcassets */; };
		13B07FC11A68108700A75B9A /* main.m in Sources */ = {isa = PBXBuildFile; fileRef = 13B07FB71A68108700A75B9A /* main.m */; };
		14E79D1D9C054D7C9725A6A8 /* DMSans-BoldItalic.ttf in Resources */ = {isa = PBXBuildFile; fileRef = A654D8672541467794E27350 /* DMSans-BoldItalic.ttf */; };
		188B10D35418439AB9C358CD /* DMSans_18pt-MediumItalic.ttf in Resources */ = {isa = PBXBuildFile; fileRef = 7DDCFB0EDC034D33B5B7B5A8 /* DMSans_18pt-MediumItalic.ttf */; };
		1D482776A64E492B9224D465 /* DMSans_24pt-LightItalic.ttf in Resources */ = {isa = PBXBuildFile; fileRef = BADC8668C35F45D38E44DA80 /* DMSans_24pt-LightItalic.ttf */; };
		1D4CEB8461E2442EBC90AAB3 /* DMSans-BlackItalic.ttf in Resources */ = {isa = PBXBuildFile; fileRef = 9C7DEC0EB75147CFBED7BC7F /* DMSans-BlackItalic.ttf */; };
		231EC81CBE2F423A9C858E89 /* DMSans-Regular.ttf in Resources */ = {isa = PBXBuildFile; fileRef = 5E81EAA2F98942FF8FC3A688 /* DMSans-Regular.ttf */; };
		246CE6AE69CB4D709A070B8B /* DMSans_36pt-ExtraLight.ttf in Resources */ = {isa = PBXBuildFile; fileRef = 0F16EC088EAA4FC29DB87F53 /* DMSans_36pt-ExtraLight.ttf */; };
		2AD140BC313847BAA74FEDDA /* DMSans_36pt-ThinItalic.ttf in Resources */ = {isa = PBXBuildFile; fileRef = 34905419B488412EB96B38F1 /* DMSans_36pt-ThinItalic.ttf */; };
		2CF9A8E031174985A6F3CF06 /* DMMono-MediumItalic.ttf in Resources */ = {isa = PBXBuildFile; fileRef = 01F5ABA1A8E74C8F9ABB6975 /* DMMono-MediumItalic.ttf */; };
		2F9758A2FCA9481087CEE1FD /* DMSans_18pt-SemiBoldItalic.ttf in Resources */ = {isa = PBXBuildFile; fileRef = 7BF45B7E70CF478ABFC766B7 /* DMSans_18pt-SemiBoldItalic.ttf */; };
		3E461D99554A48A4959DE609 /* SplashScreen.storyboard in Resources */ = {isa = PBXBuildFile; fileRef = AA286B85B6C04FC6940260E9 /* SplashScreen.storyboard */; };
		453D23CF81254D1BA4EFF1D1 /* DMSans-Bold.ttf in Resources */ = {isa = PBXBuildFile; fileRef = B63EC606DA824CCEAFD0E707 /* DMSans-Bold.ttf */; };
		47FE064881804897A691F2E0 /* DMSans_36pt-ExtraBoldItalic.ttf in Resources */ = {isa = PBXBuildFile; fileRef = 053FA846DADB46A6A1707779 /* DMSans_36pt-ExtraBoldItalic.ttf */; };
		48A58291A88647458F926567 /* DMSans_36pt-Medium.ttf in Resources */ = {isa = PBXBuildFile; fileRef = DB670DD3CF9F4947B7CF888C /* DMSans_36pt-Medium.ttf */; };
		48BE958A91254C369CCF3CCA /* DMSans_18pt-ThinItalic.ttf in Resources */ = {isa = PBXBuildFile; fileRef = 8E6FC249526B444BAC09D6E6 /* DMSans_18pt-ThinItalic.ttf */; };
		4A257F67FC0F2844E5419D87 /* libPods-MoreExcitingLife.a in Frameworks */ = {isa = PBXBuildFile; fileRef = 562040C0C8EAA76E888E2E98 /* libPods-MoreExcitingLife.a */; };
		4C72F35F42D84704A312CBDF /* DMSans_36pt-MediumItalic.ttf in Resources */ = {isa = PBXBuildFile; fileRef = FDD3EAFBD0894A94A96FC118 /* DMSans_36pt-MediumItalic.ttf */; };
		4DE0D07637D14622BD0C9CBE /* DMSans_24pt-SemiBold.ttf in Resources */ = {isa = PBXBuildFile; fileRef = FC1680D85B964C3C897A8343 /* DMSans_24pt-SemiBold.ttf */; };
		54C68CD88D644243A32251E7 /* DMSans_24pt-MediumItalic.ttf in Resources */ = {isa = PBXBuildFile; fileRef = E42B9626EDDD437BA20C8E5C /* DMSans_24pt-MediumItalic.ttf */; };
		54D1B6B312314D9E922E4041 /* DMSans-SemiBoldItalic.ttf in Resources */ = {isa = PBXBuildFile; fileRef = 6BD3470DED8A4E4694C6BC4B /* DMSans-SemiBoldItalic.ttf */; };
		550393D3B0404D66BB11ECAE /* DMSans-ExtraBold.ttf in Resources */ = {isa = PBXBuildFile; fileRef = D470DF812CC449748DD33C4C /* DMSans-ExtraBold.ttf */; };
		5B521BD2FB314992B4021850 /* DMSans-Black.ttf in Resources */ = {isa = PBXBuildFile; fileRef = 43412323F54D458882ADD6D3 /* DMSans-Black.ttf */; };
		605B15F980454C1297862C71 /* DMSans-ExtraBoldItalic.ttf in Resources */ = {isa = PBXBuildFile; fileRef = CB0E89FCAC714AAFB43F9463 /* DMSans-ExtraBoldItalic.ttf */; };
		61EEC6AB91164872A46E760B /* DMSans-ThinItalic.ttf in Resources */ = {isa = PBXBuildFile; fileRef = 319FF3623CE44BF7B53B8981 /* DMSans-ThinItalic.ttf */; };
		64C7C518D6E441DE97F7039C /* DMSans_24pt-BoldItalic.ttf in Resources */ = {isa = PBXBuildFile; fileRef = AD5E741C6C00491CB81C8B10 /* DMSans_24pt-BoldItalic.ttf */; };
		67CF870FB8B5CEA2B14995DC /* PrivacyInfo.xcprivacy in Resources */ = {isa = PBXBuildFile; fileRef = 461B8056376883E50CE4FF39 /* PrivacyInfo.xcprivacy */; };
		6AE3BCB2C2AC425196CFED30 /* DMMono-Regular.ttf in Resources */ = {isa = PBXBuildFile; fileRef = 4D61D8FBE2B8464B87586BC0 /* DMMono-Regular.ttf */; };
		6E44193B895847B6B630CE1A /* DMSans_36pt-ExtraBold.ttf in Resources */ = {isa = PBXBuildFile; fileRef = AF5069A1AAB34BEBB0995D86 /* DMSans_36pt-ExtraBold.ttf */; };
		6FD5941AB0E7447E88ADD5F9 /* DMSans-ExtraLightItalic.ttf in Resources */ = {isa = PBXBuildFile; fileRef = 0550CA730A6E49E9BFD7A03D /* DMSans-ExtraLightItalic.ttf */; };
		7025C0BE2C154DF8B0ECFF06 /* DMMono-Italic.ttf in Resources */ = {isa = PBXBuildFile; fileRef = 7CCC037C8ADE4A278D6FBE53 /* DMMono-Italic.ttf */; };
		702AA1D117894B408DF28C9B /* DMSans_18pt-ExtraLight.ttf in Resources */ = {isa = PBXBuildFile; fileRef = 85619F74C5B8427DB028D0FA /* DMSans_18pt-ExtraLight.ttf */; };
		7AD28B035F7040A7AF243B6C /* DMSans_36pt-LightItalic.ttf in Resources */ = {isa = PBXBuildFile; fileRef = 881CE311D6E243B998BAAAD9 /* DMSans_36pt-LightItalic.ttf */; };
		7C6784172F6E401284E6F7FF /* DMSans-Thin.ttf in Resources */ = {isa = PBXBuildFile; fileRef = 7F9967B2E19E4C8DB5C69071 /* DMSans-Thin.ttf */; };
		7E41B8F32D25E43500037176 /* GoogleService-Info.plist in Resources */ = {isa = PBXBuildFile; fileRef = 7E41B8F22D25E43500037176 /* GoogleService-Info.plist */; };
		80E43AB6C58B4607A6EA7E23 /* DMMono-Light.ttf in Resources */ = {isa = PBXBuildFile; fileRef = 6EEFEAF22ED94463A39BA24D /* DMMono-Light.ttf */; };
		829F8677D9C2463994BC6473 /* DMSans_18pt-ExtraBoldItalic.ttf in Resources */ = {isa = PBXBuildFile; fileRef = 0A6D66BF7DB14045B0BF628C /* DMSans_18pt-ExtraBoldItalic.ttf */; };
		852104DC328E447EB45D302E /* DMSans_36pt-Bold.ttf in Resources */ = {isa = PBXBuildFile; fileRef = 314D7582937C4B9BB6C1F23F /* DMSans_36pt-Bold.ttf */; };
		8B09F8B9616D46739508E32C /* DMSans_24pt-Thin.ttf in Resources */ = {isa = PBXBuildFile; fileRef = C08BE77F7D5D46E5A0B4265B /* DMSans_24pt-Thin.ttf */; };
		902E52D33C78485180F4CE19 /* DMSans_24pt-Bold.ttf in Resources */ = {isa = PBXBuildFile; fileRef = A10645BDE52F44619A3A39D0 /* DMSans_24pt-Bold.ttf */; };
		98499502B4CC428BBE07501E /* DMSans_24pt-ExtraBold.ttf in Resources */ = {isa = PBXBuildFile; fileRef = 48CA83850D0544C4962E754B /* DMSans_24pt-ExtraBold.ttf */; };
		9A694B7A0C714EC88CF88FED /* noop-file.swift in Sources */ = {isa = PBXBuildFile; fileRef = 5358989AC9514DFF95C2C9D2 /* noop-file.swift */; };
		A5E2E872F7394F3DAEEEC00D /* DMSans_18pt-Bold.ttf in Resources */ = {isa = PBXBuildFile; fileRef = 73C73F271970463B8748A39F /* DMSans_18pt-Bold.ttf */; };
		A68C661FE6DC42BCA88364D6 /* DMSans_36pt-SemiBoldItalic.ttf in Resources */ = {isa = PBXBuildFile; fileRef = C26CE9BCA106473FA509B976 /* DMSans_36pt-SemiBoldItalic.ttf */; };
		A6A3B08EC53B4178AD161F53 /* DMSans-LightItalic.ttf in Resources */ = {isa = PBXBuildFile; fileRef = 50B78517EE214DADA7B1C77E /* DMSans-LightItalic.ttf */; };
		A785BA7CC3AE41A08382350E /* DMMono-LightItalic.ttf in Resources */ = {isa = PBXBuildFile; fileRef = 668ED0242A694BB28E6D6367 /* DMMono-LightItalic.ttf */; };
		AEE6918DB4B6477F972B491B /* DMSans-Italic.ttf in Resources */ = {isa = PBXBuildFile; fileRef = 45DEBE7A13F04A74BF187E1B /* DMSans-Italic.ttf */; };
		B18059E884C0ABDD17F3DC3D /* ExpoModulesProvider.swift in Sources */ = {isa = PBXBuildFile; fileRef = FAC715A2D49A985799AEE119 /* ExpoModulesProvider.swift */; };
		B5C418F44C564BEDBA499B50 /* DMSans_24pt-Light.ttf in Resources */ = {isa = PBXBuildFile; fileRef = 127EC0BD9CF144EFBF7F6498 /* DMSans_24pt-Light.ttf */; };
		B8B17A09AB454B6CB9EF317B /* DMSans_18pt-Black.ttf in Resources */ = {isa = PBXBuildFile; fileRef = 667CA09CE5DA4DB98C61816C /* DMSans_18pt-Black.ttf */; };
		BA039975506340D180AE4C33 /* DMSans_18pt-ExtraLightItalic.ttf in Resources */ = {isa = PBXBuildFile; fileRef = 58FCD73EC1B348409F5D5ABE /* DMSans_18pt-ExtraLightItalic.ttf */; };
		BB2F792D24A3F905000567C9 /* Expo.plist in Resources */ = {isa = PBXBuildFile; fileRef = BB2F792C24A3F905000567C9 /* Expo.plist */; };
		BE0008F2609B4964937950A6 /* DMSans-Medium.ttf in Resources */ = {isa = PBXBuildFile; fileRef = 6B49038AD76141DD82D6A7EB /* DMSans-Medium.ttf */; };
		BE9C9E2BFCB548A5B4DA3A08 /* DMSans-MediumItalic.ttf in Resources */ = {isa = PBXBuildFile; fileRef = B4BE9D8FC30E441DAE21135E /* DMSans-MediumItalic.ttf */; };
		C071170710414FF891A2E694 /* DMSans_36pt-BlackItalic.ttf in Resources */ = {isa = PBXBuildFile; fileRef = 1F75B0D2790D40F39091BC6A /* DMSans_36pt-BlackItalic.ttf */; };
		C1280CB1467545D79D76D306 /* DMSans_36pt-Light.ttf in Resources */ = {isa = PBXBuildFile; fileRef = D4B449C47A9B42DC9B2950E3 /* DMSans_36pt-Light.ttf */; };
		C31C42D953A5428497B53DB3 /* DMSans_18pt-BlackItalic.ttf in Resources */ = {isa = PBXBuildFile; fileRef = D7233A945FA948699EDA1EE1 /* DMSans_18pt-BlackItalic.ttf */; };
		C3B8B4D4443C4D9AB40AB05B /* DMMono-Medium.ttf in Resources */ = {isa = PBXBuildFile; fileRef = 6C5FCD7D1C8C45BCB7290E1E /* DMMono-Medium.ttf */; };
		C81BB4D1FA3545CE9ECFCC9D /* DMSans-Light.ttf in Resources */ = {isa = PBXBuildFile; fileRef = B75515E627BE40D587434028 /* DMSans-Light.ttf */; };
		C8BBF30034694D149AFFEE97 /* DMSans_18pt-LightItalic.ttf in Resources */ = {isa = PBXBuildFile; fileRef = BE87C559951446D8A137590F /* DMSans_18pt-LightItalic.ttf */; };
		CC6E688EF4714CA694B7065C /* DMSans-SemiBold.ttf in Resources */ = {isa = PBXBuildFile; fileRef = AFCE57511DCA43EAA436094D /* DMSans-SemiBold.ttf */; };
		CCCA6DDC1B214A87ADB69E00 /* DMSans_18pt-BoldItalic.ttf in Resources */ = {isa = PBXBuildFile; fileRef = 36242004E83B4C30A3DB8155 /* DMSans_18pt-BoldItalic.ttf */; };
		CD2BA7D5E6E744F0A5133373 /* DMSans_18pt-Light.ttf in Resources */ = {isa = PBXBuildFile; fileRef = 6D99F8BFF29D4902B54A9F69 /* DMSans_18pt-Light.ttf */; };
		D00417DC9CE7466192360CEC /* DMSans-ExtraLight.ttf in Resources */ = {isa = PBXBuildFile; fileRef = C0451273A19E41359BCA0898 /* DMSans-ExtraLight.ttf */; };
		D2F05249E4A34D8B9A751668 /* DMSans_24pt-ExtraLightItalic.ttf in Resources */ = {isa = PBXBuildFile; fileRef = 848A5F29C6924795B4EEA26D /* DMSans_24pt-ExtraLightItalic.ttf */; };
		D810DB590EBA49568E510862 /* DMSans_18pt-Thin.ttf in Resources */ = {isa = PBXBuildFile; fileRef = CBB1FAC522B344EB8DBAE699 /* DMSans_18pt-Thin.ttf */; };
		DAD1CAF1947C450BACC03287 /* DMSans_36pt-ExtraLightItalic.ttf in Resources */ = {isa = PBXBuildFile; fileRef = AFD63C98F0F24F2C8134AFEB /* DMSans_36pt-ExtraLightItalic.ttf */; };
		DB86F6A985944BA09D228DBC /* DMSans_36pt-Thin.ttf in Resources */ = {isa = PBXBuildFile; fileRef = 5ACB382D27F34211AB1F27F7 /* DMSans_36pt-Thin.ttf */; };
		DC3A1B60E30747E7834C2DA2 /* DMSans_24pt-ThinItalic.ttf in Resources */ = {isa = PBXBuildFile; fileRef = F0C8B1D1F277417FB20B877E /* DMSans_24pt-ThinItalic.ttf */; };
		E0698F664BF54608B838FD54 /* DMSans_36pt-Black.ttf in Resources */ = {isa = PBXBuildFile; fileRef = C403948FBBF74AA290B3E0B2 /* DMSans_36pt-Black.ttf */; };
		E23650B570424C368EB585D1 /* DMSans_36pt-BoldItalic.ttf in Resources */ = {isa = PBXBuildFile; fileRef = B534A120850D43B29C04FE52 /* DMSans_36pt-BoldItalic.ttf */; };
		E2479CC55DF64F5AB04BE075 /* DMSans_36pt-Italic.ttf in Resources */ = {isa = PBXBuildFile; fileRef = 12448CE21CF543F6B3F38D7E /* DMSans_36pt-Italic.ttf */; };
		E66956DD896E4BB88D57B57C /* DMSans_24pt-Black.ttf in Resources */ = {isa = PBXBuildFile; fileRef = 1E32E27F6D02471C923F4399 /* DMSans_24pt-Black.ttf */; };
		E8C94F9DAB294CC29F0ED25C /* DMSans_18pt-ExtraBold.ttf in Resources */ = {isa = PBXBuildFile; fileRef = F6051E4E83CB433D8FAC8FEE /* DMSans_18pt-ExtraBold.ttf */; };
		EFF7118F32184CE9883A52B3 /* DMSans_18pt-Regular.ttf in Resources */ = {isa = PBXBuildFile; fileRef = 8F8C094249C040B1A4493B4B /* DMSans_18pt-Regular.ttf */; };
		F0126C947B2B4E1593A995A3 /* DMSans_36pt-Regular.ttf in Resources */ = {isa = PBXBuildFile; fileRef = B0142CB19D0947E8A0CE93C6 /* DMSans_36pt-Regular.ttf */; };
		F5C8BDCFDAE84B4CA7C0CB45 /* DMSans_18pt-SemiBold.ttf in Resources */ = {isa = PBXBuildFile; fileRef = DED930BD0A4E44C5B6E6059A /* DMSans_18pt-SemiBold.ttf */; };
		F63DAA6CB7F14439A23BCDB8 /* DMSans_18pt-Italic.ttf in Resources */ = {isa = PBXBuildFile; fileRef = AB8C5AE618494BBEA54452E5 /* DMSans_18pt-Italic.ttf */; };
		FBD8CCDE055C41BD90C2CE1C /* DMSans_24pt-Italic.ttf in Resources */ = {isa = PBXBuildFile; fileRef = C923443B23C745FA94EC5605 /* DMSans_24pt-Italic.ttf */; };
		FDF473956D8C4214984943F1 /* DMSans_36pt-SemiBold.ttf in Resources */ = {isa = PBXBuildFile; fileRef = 3DE1BBE567134568999E54DC /* DMSans_36pt-SemiBold.ttf */; };
/* End PBXBuildFile section */

/* Begin PBXFileReference section */
		01F5ABA1A8E74C8F9ABB6975 /* DMMono-MediumItalic.ttf */ = {isa = PBXFileReference; explicitFileType = undefined; fileEncoding = 9; includeInIndex = 0; lastKnownFileType = unknown; name = "DMMono-MediumItalic.ttf"; path = "../src/assets/fonts/DMMono-MediumItalic.ttf"; sourceTree = "<group>"; };
		053FA846DADB46A6A1707779 /* DMSans_36pt-ExtraBoldItalic.ttf */ = {isa = PBXFileReference; explicitFileType = undefined; fileEncoding = 9; includeInIndex = 0; lastKnownFileType = unknown; name = "DMSans_36pt-ExtraBoldItalic.ttf"; path = "../src/assets/fonts/DMSans_36pt-ExtraBoldItalic.ttf"; sourceTree = "<group>"; };
		0550CA730A6E49E9BFD7A03D /* DMSans-ExtraLightItalic.ttf */ = {isa = PBXFileReference; explicitFileType = undefined; fileEncoding = 9; includeInIndex = 0; lastKnownFileType = unknown; name = "DMSans-ExtraLightItalic.ttf"; path = "../src/assets/fonts/DMSans-ExtraLightItalic.ttf"; sourceTree = "<group>"; };
		0A6D66BF7DB14045B0BF628C /* DMSans_18pt-ExtraBoldItalic.ttf */ = {isa = PBXFileReference; explicitFileType = undefined; fileEncoding = 9; includeInIndex = 0; lastKnownFileType = unknown; name = "DMSans_18pt-ExtraBoldItalic.ttf"; path = "../src/assets/fonts/DMSans_18pt-ExtraBoldItalic.ttf"; sourceTree = "<group>"; };
		0F16EC088EAA4FC29DB87F53 /* DMSans_36pt-ExtraLight.ttf */ = {isa = PBXFileReference; explicitFileType = undefined; fileEncoding = 9; includeInIndex = 0; lastKnownFileType = unknown; name = "DMSans_36pt-ExtraLight.ttf"; path = "../src/assets/fonts/DMSans_36pt-ExtraLight.ttf"; sourceTree = "<group>"; };
		12448CE21CF543F6B3F38D7E /* DMSans_36pt-Italic.ttf */ = {isa = PBXFileReference; explicitFileType = undefined; fileEncoding = 9; includeInIndex = 0; lastKnownFileType = unknown; name = "DMSans_36pt-Italic.ttf"; path = "../src/assets/fonts/DMSans_36pt-Italic.ttf"; sourceTree = "<group>"; };
		127EC0BD9CF144EFBF7F6498 /* DMSans_24pt-Light.ttf */ = {isa = PBXFileReference; explicitFileType = undefined; fileEncoding = 9; includeInIndex = 0; lastKnownFileType = unknown; name = "DMSans_24pt-Light.ttf"; path = "../src/assets/fonts/DMSans_24pt-Light.ttf"; sourceTree = "<group>"; };
		13B07F961A680F5B00A75B9A /* MoreExcitingLife.app */ = {isa = PBXFileReference; explicitFileType = wrapper.application; includeInIndex = 0; path = MoreExcitingLife.app; sourceTree = BUILT_PRODUCTS_DIR; };
		13B07FAF1A68108700A75B9A /* AppDelegate.h */ = {isa = PBXFileReference; fileEncoding = 4; lastKnownFileType = sourcecode.c.h; name = AppDelegate.h; path = MoreExcitingLife/AppDelegate.h; sourceTree = "<group>"; };
		13B07FB01A68108700A75B9A /* AppDelegate.mm */ = {isa = PBXFileReference; fileEncoding = 4; lastKnownFileType = sourcecode.cpp.objcpp; name = AppDelegate.mm; path = MoreExcitingLife/AppDelegate.mm; sourceTree = "<group>"; };
		13B07FB51A68108700A75B9A /* Images.xcassets */ = {isa = PBXFileReference; lastKnownFileType = folder.assetcatalog; name = Images.xcassets; path = MoreExcitingLife/Images.xcassets; sourceTree = "<group>"; };
		13B07FB61A68108700A75B9A /* Info.plist */ = {isa = PBXFileReference; fileEncoding = 4; lastKnownFileType = text.plist.xml; name = Info.plist; path = MoreExcitingLife/Info.plist; sourceTree = "<group>"; };
		13B07FB71A68108700A75B9A /* main.m */ = {isa = PBXFileReference; fileEncoding = 4; lastKnownFileType = sourcecode.c.objc; name = main.m; path = MoreExcitingLife/main.m; sourceTree = "<group>"; };
		1E32E27F6D02471C923F4399 /* DMSans_24pt-Black.ttf */ = {isa = PBXFileReference; explicitFileType = undefined; fileEncoding = 9; includeInIndex = 0; lastKnownFileType = unknown; name = "DMSans_24pt-Black.ttf"; path = "../src/assets/fonts/DMSans_24pt-Black.ttf"; sourceTree = "<group>"; };
		1F75B0D2790D40F39091BC6A /* DMSans_36pt-BlackItalic.ttf */ = {isa = PBXFileReference; explicitFileType = undefined; fileEncoding = 9; includeInIndex = 0; lastKnownFileType = unknown; name = "DMSans_36pt-BlackItalic.ttf"; path = "../src/assets/fonts/DMSans_36pt-BlackItalic.ttf"; sourceTree = "<group>"; };
		2CF6E1BF4B35428A80085688 /* DMSans_24pt-ExtraBoldItalic.ttf */ = {isa = PBXFileReference; explicitFileType = undefined; fileEncoding = 9; includeInIndex = 0; lastKnownFileType = unknown; name = "DMSans_24pt-ExtraBoldItalic.ttf"; path = "../src/assets/fonts/DMSans_24pt-ExtraBoldItalic.ttf"; sourceTree = "<group>"; };
		314D7582937C4B9BB6C1F23F /* DMSans_36pt-Bold.ttf */ = {isa = PBXFileReference; explicitFileType = undefined; fileEncoding = 9; includeInIndex = 0; lastKnownFileType = unknown; name = "DMSans_36pt-Bold.ttf"; path = "../src/assets/fonts/DMSans_36pt-Bold.ttf"; sourceTree = "<group>"; };
		319FF3623CE44BF7B53B8981 /* DMSans-ThinItalic.ttf */ = {isa = PBXFileReference; explicitFileType = undefined; fileEncoding = 9; includeInIndex = 0; lastKnownFileType = unknown; name = "DMSans-ThinItalic.ttf"; path = "../src/assets/fonts/DMSans-ThinItalic.ttf"; sourceTree = "<group>"; };
		34905419B488412EB96B38F1 /* DMSans_36pt-ThinItalic.ttf */ = {isa = PBXFileReference; explicitFileType = undefined; fileEncoding = 9; includeInIndex = 0; lastKnownFileType = unknown; name = "DMSans_36pt-ThinItalic.ttf"; path = "../src/assets/fonts/DMSans_36pt-ThinItalic.ttf"; sourceTree = "<group>"; };
		36242004E83B4C30A3DB8155 /* DMSans_18pt-BoldItalic.ttf */ = {isa = PBXFileReference; explicitFileType = undefined; fileEncoding = 9; includeInIndex = 0; lastKnownFileType = unknown; name = "DMSans_18pt-BoldItalic.ttf"; path = "../src/assets/fonts/DMSans_18pt-BoldItalic.ttf"; sourceTree = "<group>"; };
		3DE1BBE567134568999E54DC /* DMSans_36pt-SemiBold.ttf */ = {isa = PBXFileReference; explicitFileType = undefined; fileEncoding = 9; includeInIndex = 0; lastKnownFileType = unknown; name = "DMSans_36pt-SemiBold.ttf"; path = "../src/assets/fonts/DMSans_36pt-SemiBold.ttf"; sourceTree = "<group>"; };
		43412323F54D458882ADD6D3 /* DMSans-Black.ttf */ = {isa = PBXFileReference; explicitFileType = undefined; fileEncoding = 9; includeInIndex = 0; lastKnownFileType = unknown; name = "DMSans-Black.ttf"; path = "../src/assets/fonts/DMSans-Black.ttf"; sourceTree = "<group>"; };
		4486BD8DB47B4AD48A9C3580 /* DMSans_24pt-Medium.ttf */ = {isa = PBXFileReference; explicitFileType = undefined; fileEncoding = 9; includeInIndex = 0; lastKnownFileType = unknown; name = "DMSans_24pt-Medium.ttf"; path = "../src/assets/fonts/DMSans_24pt-Medium.ttf"; sourceTree = "<group>"; };
		45DEBE7A13F04A74BF187E1B /* DMSans-Italic.ttf */ = {isa = PBXFileReference; explicitFileType = undefined; fileEncoding = 9; includeInIndex = 0; lastKnownFileType = unknown; name = "DMSans-Italic.ttf"; path = "../src/assets/fonts/DMSans-Italic.ttf"; sourceTree = "<group>"; };
		461B8056376883E50CE4FF39 /* PrivacyInfo.xcprivacy */ = {isa = PBXFileReference; includeInIndex = 1; lastKnownFileType = text.xml; name = PrivacyInfo.xcprivacy; path = MoreExcitingLife/PrivacyInfo.xcprivacy; sourceTree = "<group>"; };
		48CA83850D0544C4962E754B /* DMSans_24pt-ExtraBold.ttf */ = {isa = PBXFileReference; explicitFileType = undefined; fileEncoding = 9; includeInIndex = 0; lastKnownFileType = unknown; name = "DMSans_24pt-ExtraBold.ttf"; path = "../src/assets/fonts/DMSans_24pt-ExtraBold.ttf"; sourceTree = "<group>"; };
		4D61D8FBE2B8464B87586BC0 /* DMMono-Regular.ttf */ = {isa = PBXFileReference; explicitFileType = undefined; fileEncoding = 9; includeInIndex = 0; lastKnownFileType = unknown; name = "DMMono-Regular.ttf"; path = "../src/assets/fonts/DMMono-Regular.ttf"; sourceTree = "<group>"; };
		50B78517EE214DADA7B1C77E /* DMSans-LightItalic.ttf */ = {isa = PBXFileReference; explicitFileType = undefined; fileEncoding = 9; includeInIndex = 0; lastKnownFileType = unknown; name = "DMSans-LightItalic.ttf"; path = "../src/assets/fonts/DMSans-LightItalic.ttf"; sourceTree = "<group>"; };
		5358989AC9514DFF95C2C9D2 /* noop-file.swift */ = {isa = PBXFileReference; explicitFileType = undefined; fileEncoding = 4; includeInIndex = 0; lastKnownFileType = sourcecode.swift; name = "noop-file.swift"; path = "MoreExcitingLife/noop-file.swift"; sourceTree = "<group>"; };
		562040C0C8EAA76E888E2E98 /* libPods-MoreExcitingLife.a */ = {isa = PBXFileReference; explicitFileType = archive.ar; includeInIndex = 0; path = "libPods-MoreExcitingLife.a"; sourceTree = BUILT_PRODUCTS_DIR; };
		58FCD73EC1B348409F5D5ABE /* DMSans_18pt-ExtraLightItalic.ttf */ = {isa = PBXFileReference; explicitFileType = undefined; fileEncoding = 9; includeInIndex = 0; lastKnownFileType = unknown; name = "DMSans_18pt-ExtraLightItalic.ttf"; path = "../src/assets/fonts/DMSans_18pt-ExtraLightItalic.ttf"; sourceTree = "<group>"; };
		5ACB382D27F34211AB1F27F7 /* DMSans_36pt-Thin.ttf */ = {isa = PBXFileReference; explicitFileType = undefined; fileEncoding = 9; includeInIndex = 0; lastKnownFileType = unknown; name = "DMSans_36pt-Thin.ttf"; path = "../src/assets/fonts/DMSans_36pt-Thin.ttf"; sourceTree = "<group>"; };
		5E81EAA2F98942FF8FC3A688 /* DMSans-Regular.ttf */ = {isa = PBXFileReference; explicitFileType = undefined; fileEncoding = 9; includeInIndex = 0; lastKnownFileType = unknown; name = "DMSans-Regular.ttf"; path = "../src/assets/fonts/DMSans-Regular.ttf"; sourceTree = "<group>"; };
		667CA09CE5DA4DB98C61816C /* DMSans_18pt-Black.ttf */ = {isa = PBXFileReference; explicitFileType = undefined; fileEncoding = 9; includeInIndex = 0; lastKnownFileType = unknown; name = "DMSans_18pt-Black.ttf"; path = "../src/assets/fonts/DMSans_18pt-Black.ttf"; sourceTree = "<group>"; };
		668ED0242A694BB28E6D6367 /* DMMono-LightItalic.ttf */ = {isa = PBXFileReference; explicitFileType = undefined; fileEncoding = 9; includeInIndex = 0; lastKnownFileType = unknown; name = "DMMono-LightItalic.ttf"; path = "../src/assets/fonts/DMMono-LightItalic.ttf"; sourceTree = "<group>"; };
		6B49038AD76141DD82D6A7EB /* DMSans-Medium.ttf */ = {isa = PBXFileReference; explicitFileType = undefined; fileEncoding = 9; includeInIndex = 0; lastKnownFileType = unknown; name = "DMSans-Medium.ttf"; path = "../src/assets/fonts/DMSans-Medium.ttf"; sourceTree = "<group>"; };
		6BD3470DED8A4E4694C6BC4B /* DMSans-SemiBoldItalic.ttf */ = {isa = PBXFileReference; explicitFileType = undefined; fileEncoding = 9; includeInIndex = 0; lastKnownFileType = unknown; name = "DMSans-SemiBoldItalic.ttf"; path = "../src/assets/fonts/DMSans-SemiBoldItalic.ttf"; sourceTree = "<group>"; };
		6C5FCD7D1C8C45BCB7290E1E /* DMMono-Medium.ttf */ = {isa = PBXFileReference; explicitFileType = undefined; fileEncoding = 9; includeInIndex = 0; lastKnownFileType = unknown; name = "DMMono-Medium.ttf"; path = "../src/assets/fonts/DMMono-Medium.ttf"; sourceTree = "<group>"; };
		6D99F8BFF29D4902B54A9F69 /* DMSans_18pt-Light.ttf */ = {isa = PBXFileReference; explicitFileType = undefined; fileEncoding = 9; includeInIndex = 0; lastKnownFileType = unknown; name = "DMSans_18pt-Light.ttf"; path = "../src/assets/fonts/DMSans_18pt-Light.ttf"; sourceTree = "<group>"; };
		6EEFEAF22ED94463A39BA24D /* DMMono-Light.ttf */ = {isa = PBXFileReference; explicitFileType = undefined; fileEncoding = 9; includeInIndex = 0; lastKnownFileType = unknown; name = "DMMono-Light.ttf"; path = "../src/assets/fonts/DMMono-Light.ttf"; sourceTree = "<group>"; };
		73C73F271970463B8748A39F /* DMSans_18pt-Bold.ttf */ = {isa = PBXFileReference; explicitFileType = undefined; fileEncoding = 9; includeInIndex = 0; lastKnownFileType = unknown; name = "DMSans_18pt-Bold.ttf"; path = "../src/assets/fonts/DMSans_18pt-Bold.ttf"; sourceTree = "<group>"; };
		7BF45B7E70CF478ABFC766B7 /* DMSans_18pt-SemiBoldItalic.ttf */ = {isa = PBXFileReference; explicitFileType = undefined; fileEncoding = 9; includeInIndex = 0; lastKnownFileType = unknown; name = "DMSans_18pt-SemiBoldItalic.ttf"; path = "../src/assets/fonts/DMSans_18pt-SemiBoldItalic.ttf"; sourceTree = "<group>"; };
		7CCC037C8ADE4A278D6FBE53 /* DMMono-Italic.ttf */ = {isa = PBXFileReference; explicitFileType = undefined; fileEncoding = 9; includeInIndex = 0; lastKnownFileType = unknown; name = "DMMono-Italic.ttf"; path = "../src/assets/fonts/DMMono-Italic.ttf"; sourceTree = "<group>"; };
		7DDCFB0EDC034D33B5B7B5A8 /* DMSans_18pt-MediumItalic.ttf */ = {isa = PBXFileReference; explicitFileType = undefined; fileEncoding = 9; includeInIndex = 0; lastKnownFileType = unknown; name = "DMSans_18pt-MediumItalic.ttf"; path = "../src/assets/fonts/DMSans_18pt-MediumItalic.ttf"; sourceTree = "<group>"; };
		7E41B8F22D25E43500037176 /* GoogleService-Info.plist */ = {isa = PBXFileReference; lastKnownFileType = text.plist.xml; path = "GoogleService-Info.plist"; sourceTree = "<group>"; };
		7F9967B2E19E4C8DB5C69071 /* DMSans-Thin.ttf */ = {isa = PBXFileReference; explicitFileType = undefined; fileEncoding = 9; includeInIndex = 0; lastKnownFileType = unknown; name = "DMSans-Thin.ttf"; path = "../src/assets/fonts/DMSans-Thin.ttf"; sourceTree = "<group>"; };
		848A5F29C6924795B4EEA26D /* DMSans_24pt-ExtraLightItalic.ttf */ = {isa = PBXFileReference; explicitFileType = undefined; fileEncoding = 9; includeInIndex = 0; lastKnownFileType = unknown; name = "DMSans_24pt-ExtraLightItalic.ttf"; path = "../src/assets/fonts/DMSans_24pt-ExtraLightItalic.ttf"; sourceTree = "<group>"; };
		850554EECEE4456F86F385DD /* MoreExcitingLife-Bridging-Header.h */ = {isa = PBXFileReference; explicitFileType = undefined; fileEncoding = 4; includeInIndex = 0; lastKnownFileType = sourcecode.c.h; name = "MoreExcitingLife-Bridging-Header.h"; path = "MoreExcitingLife/MoreExcitingLife-Bridging-Header.h"; sourceTree = "<group>"; };
		85619F74C5B8427DB028D0FA /* DMSans_18pt-ExtraLight.ttf */ = {isa = PBXFileReference; explicitFileType = undefined; fileEncoding = 9; includeInIndex = 0; lastKnownFileType = unknown; name = "DMSans_18pt-ExtraLight.ttf"; path = "../src/assets/fonts/DMSans_18pt-ExtraLight.ttf"; sourceTree = "<group>"; };
		87FD7DDEB2F140ECA0189041 /* DMSans_24pt-SemiBoldItalic.ttf */ = {isa = PBXFileReference; explicitFileType = undefined; fileEncoding = 9; includeInIndex = 0; lastKnownFileType = unknown; name = "DMSans_24pt-SemiBoldItalic.ttf"; path = "../src/assets/fonts/DMSans_24pt-SemiBoldItalic.ttf"; sourceTree = "<group>"; };
		881CE311D6E243B998BAAAD9 /* DMSans_36pt-LightItalic.ttf */ = {isa = PBXFileReference; explicitFileType = undefined; fileEncoding = 9; includeInIndex = 0; lastKnownFileType = unknown; name = "DMSans_36pt-LightItalic.ttf"; path = "../src/assets/fonts/DMSans_36pt-LightItalic.ttf"; sourceTree = "<group>"; };
		8E6FC249526B444BAC09D6E6 /* DMSans_18pt-ThinItalic.ttf */ = {isa = PBXFileReference; explicitFileType = undefined; fileEncoding = 9; includeInIndex = 0; lastKnownFileType = unknown; name = "DMSans_18pt-ThinItalic.ttf"; path = "../src/assets/fonts/DMSans_18pt-ThinItalic.ttf"; sourceTree = "<group>"; };
		8F8C094249C040B1A4493B4B /* DMSans_18pt-Regular.ttf */ = {isa = PBXFileReference; explicitFileType = undefined; fileEncoding = 9; includeInIndex = 0; lastKnownFileType = unknown; name = "DMSans_18pt-Regular.ttf"; path = "../src/assets/fonts/DMSans_18pt-Regular.ttf"; sourceTree = "<group>"; };
		9C7DEC0EB75147CFBED7BC7F /* DMSans-BlackItalic.ttf */ = {isa = PBXFileReference; explicitFileType = undefined; fileEncoding = 9; includeInIndex = 0; lastKnownFileType = unknown; name = "DMSans-BlackItalic.ttf"; path = "../src/assets/fonts/DMSans-BlackItalic.ttf"; sourceTree = "<group>"; };
		A10645BDE52F44619A3A39D0 /* DMSans_24pt-Bold.ttf */ = {isa = PBXFileReference; explicitFileType = undefined; fileEncoding = 9; includeInIndex = 0; lastKnownFileType = unknown; name = "DMSans_24pt-Bold.ttf"; path = "../src/assets/fonts/DMSans_24pt-Bold.ttf"; sourceTree = "<group>"; };
		A654D8672541467794E27350 /* DMSans-BoldItalic.ttf */ = {isa = PBXFileReference; explicitFileType = undefined; fileEncoding = 9; includeInIndex = 0; lastKnownFileType = unknown; name = "DMSans-BoldItalic.ttf"; path = "../src/assets/fonts/DMSans-BoldItalic.ttf"; sourceTree = "<group>"; };
		AA286B85B6C04FC6940260E9 /* SplashScreen.storyboard */ = {isa = PBXFileReference; fileEncoding = 4; lastKnownFileType = file.storyboard; name = SplashScreen.storyboard; path = MoreExcitingLife/SplashScreen.storyboard; sourceTree = "<group>"; };
		AB8C5AE618494BBEA54452E5 /* DMSans_18pt-Italic.ttf */ = {isa = PBXFileReference; explicitFileType = undefined; fileEncoding = 9; includeInIndex = 0; lastKnownFileType = unknown; name = "DMSans_18pt-Italic.ttf"; path = "../src/assets/fonts/DMSans_18pt-Italic.ttf"; sourceTree = "<group>"; };
		AD5E741C6C00491CB81C8B10 /* DMSans_24pt-BoldItalic.ttf */ = {isa = PBXFileReference; explicitFileType = undefined; fileEncoding = 9; includeInIndex = 0; lastKnownFileType = unknown; name = "DMSans_24pt-BoldItalic.ttf"; path = "../src/assets/fonts/DMSans_24pt-BoldItalic.ttf"; sourceTree = "<group>"; };
		AF5069A1AAB34BEBB0995D86 /* DMSans_36pt-ExtraBold.ttf */ = {isa = PBXFileReference; explicitFileType = undefined; fileEncoding = 9; includeInIndex = 0; lastKnownFileType = unknown; name = "DMSans_36pt-ExtraBold.ttf"; path = "../src/assets/fonts/DMSans_36pt-ExtraBold.ttf"; sourceTree = "<group>"; };
		AFCE57511DCA43EAA436094D /* DMSans-SemiBold.ttf */ = {isa = PBXFileReference; explicitFileType = undefined; fileEncoding = 9; includeInIndex = 0; lastKnownFileType = unknown; name = "DMSans-SemiBold.ttf"; path = "../src/assets/fonts/DMSans-SemiBold.ttf"; sourceTree = "<group>"; };
		AFD63C98F0F24F2C8134AFEB /* DMSans_36pt-ExtraLightItalic.ttf */ = {isa = PBXFileReference; explicitFileType = undefined; fileEncoding = 9; includeInIndex = 0; lastKnownFileType = unknown; name = "DMSans_36pt-ExtraLightItalic.ttf"; path = "../src/assets/fonts/DMSans_36pt-ExtraLightItalic.ttf"; sourceTree = "<group>"; };
		B0142CB19D0947E8A0CE93C6 /* DMSans_36pt-Regular.ttf */ = {isa = PBXFileReference; explicitFileType = undefined; fileEncoding = 9; includeInIndex = 0; lastKnownFileType = unknown; name = "DMSans_36pt-Regular.ttf"; path = "../src/assets/fonts/DMSans_36pt-Regular.ttf"; sourceTree = "<group>"; };
		B4BE9D8FC30E441DAE21135E /* DMSans-MediumItalic.ttf */ = {isa = PBXFileReference; explicitFileType = undefined; fileEncoding = 9; includeInIndex = 0; lastKnownFileType = unknown; name = "DMSans-MediumItalic.ttf"; path = "../src/assets/fonts/DMSans-MediumItalic.ttf"; sourceTree = "<group>"; };
		B534A120850D43B29C04FE52 /* DMSans_36pt-BoldItalic.ttf */ = {isa = PBXFileReference; explicitFileType = undefined; fileEncoding = 9; includeInIndex = 0; lastKnownFileType = unknown; name = "DMSans_36pt-BoldItalic.ttf"; path = "../src/assets/fonts/DMSans_36pt-BoldItalic.ttf"; sourceTree = "<group>"; };
		B63EC606DA824CCEAFD0E707 /* DMSans-Bold.ttf */ = {isa = PBXFileReference; explicitFileType = undefined; fileEncoding = 9; includeInIndex = 0; lastKnownFileType = unknown; name = "DMSans-Bold.ttf"; path = "../src/assets/fonts/DMSans-Bold.ttf"; sourceTree = "<group>"; };
		B75515E627BE40D587434028 /* DMSans-Light.ttf */ = {isa = PBXFileReference; explicitFileType = undefined; fileEncoding = 9; includeInIndex = 0; lastKnownFileType = unknown; name = "DMSans-Light.ttf"; path = "../src/assets/fonts/DMSans-Light.ttf"; sourceTree = "<group>"; };
		B761868CD60D4FFFAFC9200F /* DMSans_24pt-Regular.ttf */ = {isa = PBXFileReference; explicitFileType = undefined; fileEncoding = 9; includeInIndex = 0; lastKnownFileType = unknown; name = "DMSans_24pt-Regular.ttf"; path = "../src/assets/fonts/DMSans_24pt-Regular.ttf"; sourceTree = "<group>"; };
		BADC8668C35F45D38E44DA80 /* DMSans_24pt-LightItalic.ttf */ = {isa = PBXFileReference; explicitFileType = undefined; fileEncoding = 9; includeInIndex = 0; lastKnownFileType = unknown; name = "DMSans_24pt-LightItalic.ttf"; path = "../src/assets/fonts/DMSans_24pt-LightItalic.ttf"; sourceTree = "<group>"; };
		BB2F792C24A3F905000567C9 /* Expo.plist */ = {isa = PBXFileReference; fileEncoding = 4; lastKnownFileType = text.plist.xml; path = Expo.plist; sourceTree = "<group>"; };
		BE87C559951446D8A137590F /* DMSans_18pt-LightItalic.ttf */ = {isa = PBXFileReference; explicitFileType = undefined; fileEncoding = 9; includeInIndex = 0; lastKnownFileType = unknown; name = "DMSans_18pt-LightItalic.ttf"; path = "../src/assets/fonts/DMSans_18pt-LightItalic.ttf"; sourceTree = "<group>"; };
		C0451273A19E41359BCA0898 /* DMSans-ExtraLight.ttf */ = {isa = PBXFileReference; explicitFileType = undefined; fileEncoding = 9; includeInIndex = 0; lastKnownFileType = unknown; name = "DMSans-ExtraLight.ttf"; path = "../src/assets/fonts/DMSans-ExtraLight.ttf"; sourceTree = "<group>"; };
		C08BE77F7D5D46E5A0B4265B /* DMSans_24pt-Thin.ttf */ = {isa = PBXFileReference; explicitFileType = undefined; fileEncoding = 9; includeInIndex = 0; lastKnownFileType = unknown; name = "DMSans_24pt-Thin.ttf"; path = "../src/assets/fonts/DMSans_24pt-Thin.ttf"; sourceTree = "<group>"; };
		C26CE9BCA106473FA509B976 /* DMSans_36pt-SemiBoldItalic.ttf */ = {isa = PBXFileReference; explicitFileType = undefined; fileEncoding = 9; includeInIndex = 0; lastKnownFileType = unknown; name = "DMSans_36pt-SemiBoldItalic.ttf"; path = "../src/assets/fonts/DMSans_36pt-SemiBoldItalic.ttf"; sourceTree = "<group>"; };
		C2A91B79C6664B6E97F3D588 /* DMSans_18pt-Medium.ttf */ = {isa = PBXFileReference; explicitFileType = undefined; fileEncoding = 9; includeInIndex = 0; lastKnownFileType = unknown; name = "DMSans_18pt-Medium.ttf"; path = "../src/assets/fonts/DMSans_18pt-Medium.ttf"; sourceTree = "<group>"; };
		C403948FBBF74AA290B3E0B2 /* DMSans_36pt-Black.ttf */ = {isa = PBXFileReference; explicitFileType = undefined; fileEncoding = 9; includeInIndex = 0; lastKnownFileType = unknown; name = "DMSans_36pt-Black.ttf"; path = "../src/assets/fonts/DMSans_36pt-Black.ttf"; sourceTree = "<group>"; };
		C923443B23C745FA94EC5605 /* DMSans_24pt-Italic.ttf */ = {isa = PBXFileReference; explicitFileType = undefined; fileEncoding = 9; includeInIndex = 0; lastKnownFileType = unknown; name = "DMSans_24pt-Italic.ttf"; path = "../src/assets/fonts/DMSans_24pt-Italic.ttf"; sourceTree = "<group>"; };
		CB0E89FCAC714AAFB43F9463 /* DMSans-ExtraBoldItalic.ttf */ = {isa = PBXFileReference; explicitFileType = undefined; fileEncoding = 9; includeInIndex = 0; lastKnownFileType = unknown; name = "DMSans-ExtraBoldItalic.ttf"; path = "../src/assets/fonts/DMSans-ExtraBoldItalic.ttf"; sourceTree = "<group>"; };
		CBB1FAC522B344EB8DBAE699 /* DMSans_18pt-Thin.ttf */ = {isa = PBXFileReference; explicitFileType = undefined; fileEncoding = 9; includeInIndex = 0; lastKnownFileType = unknown; name = "DMSans_18pt-Thin.ttf"; path = "../src/assets/fonts/DMSans_18pt-Thin.ttf"; sourceTree = "<group>"; };
		D470DF812CC449748DD33C4C /* DMSans-ExtraBold.ttf */ = {isa = PBXFileReference; explicitFileType = undefined; fileEncoding = 9; includeInIndex = 0; lastKnownFileType = unknown; name = "DMSans-ExtraBold.ttf"; path = "../src/assets/fonts/DMSans-ExtraBold.ttf"; sourceTree = "<group>"; };
		D4B449C47A9B42DC9B2950E3 /* DMSans_36pt-Light.ttf */ = {isa = PBXFileReference; explicitFileType = undefined; fileEncoding = 9; includeInIndex = 0; lastKnownFileType = unknown; name = "DMSans_36pt-Light.ttf"; path = "../src/assets/fonts/DMSans_36pt-Light.ttf"; sourceTree = "<group>"; };
		D7233A945FA948699EDA1EE1 /* DMSans_18pt-BlackItalic.ttf */ = {isa = PBXFileReference; explicitFileType = undefined; fileEncoding = 9; includeInIndex = 0; lastKnownFileType = unknown; name = "DMSans_18pt-BlackItalic.ttf"; path = "../src/assets/fonts/DMSans_18pt-BlackItalic.ttf"; sourceTree = "<group>"; };
		D94F5BF7A9445318F3FBA079 /* Pods-MoreExcitingLife.debug.xcconfig */ = {isa = PBXFileReference; includeInIndex = 1; lastKnownFileType = text.xcconfig; name = "Pods-MoreExcitingLife.debug.xcconfig"; path = "Target Support Files/Pods-MoreExcitingLife/Pods-MoreExcitingLife.debug.xcconfig"; sourceTree = "<group>"; };
		DB670DD3CF9F4947B7CF888C /* DMSans_36pt-Medium.ttf */ = {isa = PBXFileReference; explicitFileType = undefined; fileEncoding = 9; includeInIndex = 0; lastKnownFileType = unknown; name = "DMSans_36pt-Medium.ttf"; path = "../src/assets/fonts/DMSans_36pt-Medium.ttf"; sourceTree = "<group>"; };
		DED930BD0A4E44C5B6E6059A /* DMSans_18pt-SemiBold.ttf */ = {isa = PBXFileReference; explicitFileType = undefined; fileEncoding = 9; includeInIndex = 0; lastKnownFileType = unknown; name = "DMSans_18pt-SemiBold.ttf"; path = "../src/assets/fonts/DMSans_18pt-SemiBold.ttf"; sourceTree = "<group>"; };
		DF1ECBD2F71B40D69638D6A0 /* DMSans_24pt-BlackItalic.ttf */ = {isa = PBXFileReference; explicitFileType = undefined; fileEncoding = 9; includeInIndex = 0; lastKnownFileType = unknown; name = "DMSans_24pt-BlackItalic.ttf"; path = "../src/assets/fonts/DMSans_24pt-BlackItalic.ttf"; sourceTree = "<group>"; };
		E3D62A3402144BB2B58B4F6E /* DMSans_24pt-ExtraLight.ttf */ = {isa = PBXFileReference; explicitFileType = undefined; fileEncoding = 9; includeInIndex = 0; lastKnownFileType = unknown; name = "DMSans_24pt-ExtraLight.ttf"; path = "../src/assets/fonts/DMSans_24pt-ExtraLight.ttf"; sourceTree = "<group>"; };
		E42B9626EDDD437BA20C8E5C /* DMSans_24pt-MediumItalic.ttf */ = {isa = PBXFileReference; explicitFileType = undefined; fileEncoding = 9; includeInIndex = 0; lastKnownFileType = unknown; name = "DMSans_24pt-MediumItalic.ttf"; path = "../src/assets/fonts/DMSans_24pt-MediumItalic.ttf"; sourceTree = "<group>"; };
		ED297162215061F000B7C4FE /* JavaScriptCore.framework */ = {isa = PBXFileReference; lastKnownFileType = wrapper.framework; name = JavaScriptCore.framework; path = System/Library/Frameworks/JavaScriptCore.framework; sourceTree = SDKROOT; };
		F0C8B1D1F277417FB20B877E /* DMSans_24pt-ThinItalic.ttf */ = {isa = PBXFileReference; explicitFileType = undefined; fileEncoding = 9; includeInIndex = 0; lastKnownFileType = unknown; name = "DMSans_24pt-ThinItalic.ttf"; path = "../src/assets/fonts/DMSans_24pt-ThinItalic.ttf"; sourceTree = "<group>"; };
		F589FDF13F553E1C92F30BBD /* Pods-MoreExcitingLife.release.xcconfig */ = {isa = PBXFileReference; includeInIndex = 1; lastKnownFileType = text.xcconfig; name = "Pods-MoreExcitingLife.release.xcconfig"; path = "Target Support Files/Pods-MoreExcitingLife/Pods-MoreExcitingLife.release.xcconfig"; sourceTree = "<group>"; };
		F6051E4E83CB433D8FAC8FEE /* DMSans_18pt-ExtraBold.ttf */ = {isa = PBXFileReference; explicitFileType = undefined; fileEncoding = 9; includeInIndex = 0; lastKnownFileType = unknown; name = "DMSans_18pt-ExtraBold.ttf"; path = "../src/assets/fonts/DMSans_18pt-ExtraBold.ttf"; sourceTree = "<group>"; };
		FAC715A2D49A985799AEE119 /* ExpoModulesProvider.swift */ = {isa = PBXFileReference; includeInIndex = 1; lastKnownFileType = sourcecode.swift; name = ExpoModulesProvider.swift; path = "Pods/Target Support Files/Pods-MoreExcitingLife/ExpoModulesProvider.swift"; sourceTree = "<group>"; };
		FC1680D85B964C3C897A8343 /* DMSans_24pt-SemiBold.ttf */ = {isa = PBXFileReference; explicitFileType = undefined; fileEncoding = 9; includeInIndex = 0; lastKnownFileType = unknown; name = "DMSans_24pt-SemiBold.ttf"; path = "../src/assets/fonts/DMSans_24pt-SemiBold.ttf"; sourceTree = "<group>"; };
		FDD3EAFBD0894A94A96FC118 /* DMSans_36pt-MediumItalic.ttf */ = {isa = PBXFileReference; explicitFileType = undefined; fileEncoding = 9; includeInIndex = 0; lastKnownFileType = unknown; name = "DMSans_36pt-MediumItalic.ttf"; path = "../src/assets/fonts/DMSans_36pt-MediumItalic.ttf"; sourceTree = "<group>"; };
/* End PBXFileReference section */

/* Begin PBXFrameworksBuildPhase section */
		13B07F8C1A680F5B00A75B9A /* Frameworks */ = {
			isa = PBXFrameworksBuildPhase;
			buildActionMask = 2147483647;
			files = (
				4A257F67FC0F2844E5419D87 /* libPods-MoreExcitingLife.a in Frameworks */,
			);
			runOnlyForDeploymentPostprocessing = 0;
		};
/* End PBXFrameworksBuildPhase section */

/* Begin PBXGroup section */
		13B07FAE1A68108700A75B9A /* MoreExcitingLife */ = {
			isa = PBXGroup;
			children = (
				BB2F792B24A3F905000567C9 /* Supporting */,
				13B07FAF1A68108700A75B9A /* AppDelegate.h */,
				13B07FB01A68108700A75B9A /* AppDelegate.mm */,
				13B07FB51A68108700A75B9A /* Images.xcassets */,
				13B07FB61A68108700A75B9A /* Info.plist */,
				13B07FB71A68108700A75B9A /* main.m */,
				AA286B85B6C04FC6940260E9 /* SplashScreen.storyboard */,
				5358989AC9514DFF95C2C9D2 /* noop-file.swift */,
				850554EECEE4456F86F385DD /* MoreExcitingLife-Bridging-Header.h */,
				461B8056376883E50CE4FF39 /* PrivacyInfo.xcprivacy */,
			);
			name = MoreExcitingLife;
			sourceTree = "<group>";
		};
		2D16E6871FA4F8E400B85C8A /* Frameworks */ = {
			isa = PBXGroup;
			children = (
				ED297162215061F000B7C4FE /* JavaScriptCore.framework */,
				562040C0C8EAA76E888E2E98 /* libPods-MoreExcitingLife.a */,
			);
			name = Frameworks;
			sourceTree = "<group>";
		};
		5445E6A76E56493583877366 /* Resources */ = {
			isa = PBXGroup;
			children = (
				43412323F54D458882ADD6D3 /* DMSans-Black.ttf */,
				9C7DEC0EB75147CFBED7BC7F /* DMSans-BlackItalic.ttf */,
				B63EC606DA824CCEAFD0E707 /* DMSans-Bold.ttf */,
				A654D8672541467794E27350 /* DMSans-BoldItalic.ttf */,
				D470DF812CC449748DD33C4C /* DMSans-ExtraBold.ttf */,
				CB0E89FCAC714AAFB43F9463 /* DMSans-ExtraBoldItalic.ttf */,
				C0451273A19E41359BCA0898 /* DMSans-ExtraLight.ttf */,
				0550CA730A6E49E9BFD7A03D /* DMSans-ExtraLightItalic.ttf */,
				45DEBE7A13F04A74BF187E1B /* DMSans-Italic.ttf */,
				B75515E627BE40D587434028 /* DMSans-Light.ttf */,
				50B78517EE214DADA7B1C77E /* DMSans-LightItalic.ttf */,
				6B49038AD76141DD82D6A7EB /* DMSans-Medium.ttf */,
				B4BE9D8FC30E441DAE21135E /* DMSans-MediumItalic.ttf */,
				5E81EAA2F98942FF8FC3A688 /* DMSans-Regular.ttf */,
				AFCE57511DCA43EAA436094D /* DMSans-SemiBold.ttf */,
				6BD3470DED8A4E4694C6BC4B /* DMSans-SemiBoldItalic.ttf */,
				7F9967B2E19E4C8DB5C69071 /* DMSans-Thin.ttf */,
				319FF3623CE44BF7B53B8981 /* DMSans-ThinItalic.ttf */,
				667CA09CE5DA4DB98C61816C /* DMSans_18pt-Black.ttf */,
				D7233A945FA948699EDA1EE1 /* DMSans_18pt-BlackItalic.ttf */,
				73C73F271970463B8748A39F /* DMSans_18pt-Bold.ttf */,
				36242004E83B4C30A3DB8155 /* DMSans_18pt-BoldItalic.ttf */,
				F6051E4E83CB433D8FAC8FEE /* DMSans_18pt-ExtraBold.ttf */,
				0A6D66BF7DB14045B0BF628C /* DMSans_18pt-ExtraBoldItalic.ttf */,
				85619F74C5B8427DB028D0FA /* DMSans_18pt-ExtraLight.ttf */,
				58FCD73EC1B348409F5D5ABE /* DMSans_18pt-ExtraLightItalic.ttf */,
				AB8C5AE618494BBEA54452E5 /* DMSans_18pt-Italic.ttf */,
				6D99F8BFF29D4902B54A9F69 /* DMSans_18pt-Light.ttf */,
				BE87C559951446D8A137590F /* DMSans_18pt-LightItalic.ttf */,
				C2A91B79C6664B6E97F3D588 /* DMSans_18pt-Medium.ttf */,
				7DDCFB0EDC034D33B5B7B5A8 /* DMSans_18pt-MediumItalic.ttf */,
				8F8C094249C040B1A4493B4B /* DMSans_18pt-Regular.ttf */,
				DED930BD0A4E44C5B6E6059A /* DMSans_18pt-SemiBold.ttf */,
				7BF45B7E70CF478ABFC766B7 /* DMSans_18pt-SemiBoldItalic.ttf */,
				CBB1FAC522B344EB8DBAE699 /* DMSans_18pt-Thin.ttf */,
				8E6FC249526B444BAC09D6E6 /* DMSans_18pt-ThinItalic.ttf */,
				1E32E27F6D02471C923F4399 /* DMSans_24pt-Black.ttf */,
				DF1ECBD2F71B40D69638D6A0 /* DMSans_24pt-BlackItalic.ttf */,
				A10645BDE52F44619A3A39D0 /* DMSans_24pt-Bold.ttf */,
				AD5E741C6C00491CB81C8B10 /* DMSans_24pt-BoldItalic.ttf */,
				48CA83850D0544C4962E754B /* DMSans_24pt-ExtraBold.ttf */,
				2CF6E1BF4B35428A80085688 /* DMSans_24pt-ExtraBoldItalic.ttf */,
				E3D62A3402144BB2B58B4F6E /* DMSans_24pt-ExtraLight.ttf */,
				848A5F29C6924795B4EEA26D /* DMSans_24pt-ExtraLightItalic.ttf */,
				C923443B23C745FA94EC5605 /* DMSans_24pt-Italic.ttf */,
				127EC0BD9CF144EFBF7F6498 /* DMSans_24pt-Light.ttf */,
				BADC8668C35F45D38E44DA80 /* DMSans_24pt-LightItalic.ttf */,
				4486BD8DB47B4AD48A9C3580 /* DMSans_24pt-Medium.ttf */,
				E42B9626EDDD437BA20C8E5C /* DMSans_24pt-MediumItalic.ttf */,
				B761868CD60D4FFFAFC9200F /* DMSans_24pt-Regular.ttf */,
				FC1680D85B964C3C897A8343 /* DMSans_24pt-SemiBold.ttf */,
				87FD7DDEB2F140ECA0189041 /* DMSans_24pt-SemiBoldItalic.ttf */,
				C08BE77F7D5D46E5A0B4265B /* DMSans_24pt-Thin.ttf */,
				F0C8B1D1F277417FB20B877E /* DMSans_24pt-ThinItalic.ttf */,
				C403948FBBF74AA290B3E0B2 /* DMSans_36pt-Black.ttf */,
				1F75B0D2790D40F39091BC6A /* DMSans_36pt-BlackItalic.ttf */,
				314D7582937C4B9BB6C1F23F /* DMSans_36pt-Bold.ttf */,
				B534A120850D43B29C04FE52 /* DMSans_36pt-BoldItalic.ttf */,
				AF5069A1AAB34BEBB0995D86 /* DMSans_36pt-ExtraBold.ttf */,
				053FA846DADB46A6A1707779 /* DMSans_36pt-ExtraBoldItalic.ttf */,
				0F16EC088EAA4FC29DB87F53 /* DMSans_36pt-ExtraLight.ttf */,
				AFD63C98F0F24F2C8134AFEB /* DMSans_36pt-ExtraLightItalic.ttf */,
				12448CE21CF543F6B3F38D7E /* DMSans_36pt-Italic.ttf */,
				D4B449C47A9B42DC9B2950E3 /* DMSans_36pt-Light.ttf */,
				881CE311D6E243B998BAAAD9 /* DMSans_36pt-LightItalic.ttf */,
				DB670DD3CF9F4947B7CF888C /* DMSans_36pt-Medium.ttf */,
				FDD3EAFBD0894A94A96FC118 /* DMSans_36pt-MediumItalic.ttf */,
				B0142CB19D0947E8A0CE93C6 /* DMSans_36pt-Regular.ttf */,
				3DE1BBE567134568999E54DC /* DMSans_36pt-SemiBold.ttf */,
				C26CE9BCA106473FA509B976 /* DMSans_36pt-SemiBoldItalic.ttf */,
				5ACB382D27F34211AB1F27F7 /* DMSans_36pt-Thin.ttf */,
				34905419B488412EB96B38F1 /* DMSans_36pt-ThinItalic.ttf */,
				7CCC037C8ADE4A278D6FBE53 /* DMMono-Italic.ttf */,
				6EEFEAF22ED94463A39BA24D /* DMMono-Light.ttf */,
				668ED0242A694BB28E6D6367 /* DMMono-LightItalic.ttf */,
				6C5FCD7D1C8C45BCB7290E1E /* DMMono-Medium.ttf */,
				01F5ABA1A8E74C8F9ABB6975 /* DMMono-MediumItalic.ttf */,
				4D61D8FBE2B8464B87586BC0 /* DMMono-Regular.ttf */,
			);
			name = Resources;
			sourceTree = "<group>";
		};
		832341AE1AAA6A7D00B99B32 /* Libraries */ = {
			isa = PBXGroup;
			children = (
			);
			name = Libraries;
			sourceTree = "<group>";
		};
		83CBB9F61A601CBA00E9B192 = {
			isa = PBXGroup;
			children = (
				7E41B8F22D25E43500037176 /* GoogleService-Info.plist */,
				13B07FAE1A68108700A75B9A /* MoreExcitingLife */,
				832341AE1AAA6A7D00B99B32 /* Libraries */,
				83CBBA001A601CBA00E9B192 /* Products */,
				2D16E6871FA4F8E400B85C8A /* Frameworks */,
				D65327D7A22EEC0BE12398D9 /* Pods */,
				D7E4C46ADA2E9064B798F356 /* ExpoModulesProviders */,
				5445E6A76E56493583877366 /* Resources */,
			);
			indentWidth = 2;
			sourceTree = "<group>";
			tabWidth = 2;
			usesTabs = 0;
		};
		83CBBA001A601CBA00E9B192 /* Products */ = {
			isa = PBXGroup;
			children = (
				13B07F961A680F5B00A75B9A /* MoreExcitingLife.app */,
			);
			name = Products;
			sourceTree = "<group>";
		};
		92DBD88DE9BF7D494EA9DA96 /* MoreExcitingLife */ = {
			isa = PBXGroup;
			children = (
				FAC715A2D49A985799AEE119 /* ExpoModulesProvider.swift */,
			);
			name = MoreExcitingLife;
			sourceTree = "<group>";
		};
		BB2F792B24A3F905000567C9 /* Supporting */ = {
			isa = PBXGroup;
			children = (
				BB2F792C24A3F905000567C9 /* Expo.plist */,
			);
			name = Supporting;
			path = MoreExcitingLife/Supporting;
			sourceTree = "<group>";
		};
		D65327D7A22EEC0BE12398D9 /* Pods */ = {
			isa = PBXGroup;
			children = (
				D94F5BF7A9445318F3FBA079 /* Pods-MoreExcitingLife.debug.xcconfig */,
				F589FDF13F553E1C92F30BBD /* Pods-MoreExcitingLife.release.xcconfig */,
			);
			path = Pods;
			sourceTree = "<group>";
		};
		D7E4C46ADA2E9064B798F356 /* ExpoModulesProviders */ = {
			isa = PBXGroup;
			children = (
				92DBD88DE9BF7D494EA9DA96 /* MoreExcitingLife */,
			);
			name = ExpoModulesProviders;
			sourceTree = "<group>";
		};
/* End PBXGroup section */

/* Begin PBXNativeTarget section */
		13B07F861A680F5B00A75B9A /* MoreExcitingLife */ = {
			isa = PBXNativeTarget;
			buildConfigurationList = 13B07F931A680F5B00A75B9A /* Build configuration list for PBXNativeTarget "MoreExcitingLife" */;
			buildPhases = (
				3493C3F6A1D58CD91CD45473 /* [CP] Check Pods Manifest.lock */,
				A0408BCBDF71ED2105C38FBF /* [Expo] Configure project */,
				13B07F871A680F5B00A75B9A /* Sources */,
				13B07F8C1A680F5B00A75B9A /* Frameworks */,
				13B07F8E1A680F5B00A75B9A /* Resources */,
				00DD1BFF1BD5951E006B06BC /* Bundle React Native code and images */,
				2C05A1B2CCF708226340F6D4 /* [CP] Embed Pods Frameworks */,
				83B4E664559A5B4593C29094 /* [CP] Copy Pods Resources */,
				24A66807343C0B36F7EF2976 /* [CP-User] [RNFB] Core Configuration */,
			);
			buildRules = (
			);
			dependencies = (
			);
			name = MoreExcitingLife;
			productName = MoreExcitingLife;
			productReference = 13B07F961A680F5B00A75B9A /* MoreExcitingLife.app */;
			productType = "com.apple.product-type.application";
		};
/* End PBXNativeTarget section */

/* Begin PBXProject section */
		83CBB9F71A601CBA00E9B192 /* Project object */ = {
			isa = PBXProject;
			attributes = {
				BuildIndependentTargetsInParallel = YES;
				LastUpgradeCheck = 1620;
				TargetAttributes = {
					13B07F861A680F5B00A75B9A = {
						LastSwiftMigration = 1250;
					};
				};
			};
			buildConfigurationList = 83CBB9FA1A601CBA00E9B192 /* Build configuration list for PBXProject "MoreExcitingLife" */;
			compatibilityVersion = "Xcode 3.2";
			developmentRegion = en;
			hasScannedForEncodings = 0;
			knownRegions = (
				en,
				Base,
			);
			mainGroup = 83CBB9F61A601CBA00E9B192;
			productRefGroup = 83CBBA001A601CBA00E9B192 /* Products */;
			projectDirPath = "";
			projectRoot = "";
			targets = (
				13B07F861A680F5B00A75B9A /* MoreExcitingLife */,
			);
		};
/* End PBXProject section */

/* Begin PBXResourcesBuildPhase section */
		13B07F8E1A680F5B00A75B9A /* Resources */ = {
			isa = PBXResourcesBuildPhase;
			buildActionMask = 2147483647;
			files = (
				BB2F792D24A3F905000567C9 /* Expo.plist in Resources */,
				13B07FBF1A68108700A75B9A /* Images.xcassets in Resources */,
				3E461D99554A48A4959DE609 /* SplashScreen.storyboard in Resources */,
				67CF870FB8B5CEA2B14995DC /* PrivacyInfo.xcprivacy in Resources */,
				5B521BD2FB314992B4021850 /* DMSans-Black.ttf in Resources */,
				1D4CEB8461E2442EBC90AAB3 /* DMSans-BlackItalic.ttf in Resources */,
				453D23CF81254D1BA4EFF1D1 /* DMSans-Bold.ttf in Resources */,
				14E79D1D9C054D7C9725A6A8 /* DMSans-BoldItalic.ttf in Resources */,
				550393D3B0404D66BB11ECAE /* DMSans-ExtraBold.ttf in Resources */,
				605B15F980454C1297862C71 /* DMSans-ExtraBoldItalic.ttf in Resources */,
				D00417DC9CE7466192360CEC /* DMSans-ExtraLight.ttf in Resources */,
				6FD5941AB0E7447E88ADD5F9 /* DMSans-ExtraLightItalic.ttf in Resources */,
				AEE6918DB4B6477F972B491B /* DMSans-Italic.ttf in Resources */,
				C81BB4D1FA3545CE9ECFCC9D /* DMSans-Light.ttf in Resources */,
				A6A3B08EC53B4178AD161F53 /* DMSans-LightItalic.ttf in Resources */,
				BE0008F2609B4964937950A6 /* DMSans-Medium.ttf in Resources */,
				BE9C9E2BFCB548A5B4DA3A08 /* DMSans-MediumItalic.ttf in Resources */,
				231EC81CBE2F423A9C858E89 /* DMSans-Regular.ttf in Resources */,
				CC6E688EF4714CA694B7065C /* DMSans-SemiBold.ttf in Resources */,
				54D1B6B312314D9E922E4041 /* DMSans-SemiBoldItalic.ttf in Resources */,
				7C6784172F6E401284E6F7FF /* DMSans-Thin.ttf in Resources */,
				61EEC6AB91164872A46E760B /* DMSans-ThinItalic.ttf in Resources */,
				B8B17A09AB454B6CB9EF317B /* DMSans_18pt-Black.ttf in Resources */,
				C31C42D953A5428497B53DB3 /* DMSans_18pt-BlackItalic.ttf in Resources */,
				A5E2E872F7394F3DAEEEC00D /* DMSans_18pt-Bold.ttf in Resources */,
				CCCA6DDC1B214A87ADB69E00 /* DMSans_18pt-BoldItalic.ttf in Resources */,
				E8C94F9DAB294CC29F0ED25C /* DMSans_18pt-ExtraBold.ttf in Resources */,
				829F8677D9C2463994BC6473 /* DMSans_18pt-ExtraBoldItalic.ttf in Resources */,
				702AA1D117894B408DF28C9B /* DMSans_18pt-ExtraLight.ttf in Resources */,
				BA039975506340D180AE4C33 /* DMSans_18pt-ExtraLightItalic.ttf in Resources */,
				F63DAA6CB7F14439A23BCDB8 /* DMSans_18pt-Italic.ttf in Resources */,
				CD2BA7D5E6E744F0A5133373 /* DMSans_18pt-Light.ttf in Resources */,
				C8BBF30034694D149AFFEE97 /* DMSans_18pt-LightItalic.ttf in Resources */,
				02859A549FEB4289975B08F8 /* DMSans_18pt-Medium.ttf in Resources */,
				188B10D35418439AB9C358CD /* DMSans_18pt-MediumItalic.ttf in Resources */,
				EFF7118F32184CE9883A52B3 /* DMSans_18pt-Regular.ttf in Resources */,
				F5C8BDCFDAE84B4CA7C0CB45 /* DMSans_18pt-SemiBold.ttf in Resources */,
				2F9758A2FCA9481087CEE1FD /* DMSans_18pt-SemiBoldItalic.ttf in Resources */,
				D810DB590EBA49568E510862 /* DMSans_18pt-Thin.ttf in Resources */,
				48BE958A91254C369CCF3CCA /* DMSans_18pt-ThinItalic.ttf in Resources */,
				E66956DD896E4BB88D57B57C /* DMSans_24pt-Black.ttf in Resources */,
				0E91AEC35A0C4882A3F6381A /* DMSans_24pt-BlackItalic.ttf in Resources */,
				902E52D33C78485180F4CE19 /* DMSans_24pt-Bold.ttf in Resources */,
				64C7C518D6E441DE97F7039C /* DMSans_24pt-BoldItalic.ttf in Resources */,
				98499502B4CC428BBE07501E /* DMSans_24pt-ExtraBold.ttf in Resources */,
				0E973C332597416BB183062D /* DMSans_24pt-ExtraBoldItalic.ttf in Resources */,
				09B3426394DD43F0813F4937 /* DMSans_24pt-ExtraLight.ttf in Resources */,
				D2F05249E4A34D8B9A751668 /* DMSans_24pt-ExtraLightItalic.ttf in Resources */,
				FBD8CCDE055C41BD90C2CE1C /* DMSans_24pt-Italic.ttf in Resources */,
				B5C418F44C564BEDBA499B50 /* DMSans_24pt-Light.ttf in Resources */,
				1D482776A64E492B9224D465 /* DMSans_24pt-LightItalic.ttf in Resources */,
				02283E4861864AAAB110CD7C /* DMSans_24pt-Medium.ttf in Resources */,
				54C68CD88D644243A32251E7 /* DMSans_24pt-MediumItalic.ttf in Resources */,
				0D30E7AC57B2468F8FC4182D /* DMSans_24pt-Regular.ttf in Resources */,
				4DE0D07637D14622BD0C9CBE /* DMSans_24pt-SemiBold.ttf in Resources */,
				0AB2C79CC0A34DC9A60EFD36 /* DMSans_24pt-SemiBoldItalic.ttf in Resources */,
				8B09F8B9616D46739508E32C /* DMSans_24pt-Thin.ttf in Resources */,
				DC3A1B60E30747E7834C2DA2 /* DMSans_24pt-ThinItalic.ttf in Resources */,
				E0698F664BF54608B838FD54 /* DMSans_36pt-Black.ttf in Resources */,
				C071170710414FF891A2E694 /* DMSans_36pt-BlackItalic.ttf in Resources */,
				852104DC328E447EB45D302E /* DMSans_36pt-Bold.ttf in Resources */,
				E23650B570424C368EB585D1 /* DMSans_36pt-BoldItalic.ttf in Resources */,
				6E44193B895847B6B630CE1A /* DMSans_36pt-ExtraBold.ttf in Resources */,
				47FE064881804897A691F2E0 /* DMSans_36pt-ExtraBoldItalic.ttf in Resources */,
				246CE6AE69CB4D709A070B8B /* DMSans_36pt-ExtraLight.ttf in Resources */,
				DAD1CAF1947C450BACC03287 /* DMSans_36pt-ExtraLightItalic.ttf in Resources */,
				E2479CC55DF64F5AB04BE075 /* DMSans_36pt-Italic.ttf in Resources */,
				C1280CB1467545D79D76D306 /* DMSans_36pt-Light.ttf in Resources */,
				7AD28B035F7040A7AF243B6C /* DMSans_36pt-LightItalic.ttf in Resources */,
				48A58291A88647458F926567 /* DMSans_36pt-Medium.ttf in Resources */,
				4C72F35F42D84704A312CBDF /* DMSans_36pt-MediumItalic.ttf in Resources */,
				F0126C947B2B4E1593A995A3 /* DMSans_36pt-Regular.ttf in Resources */,
				FDF473956D8C4214984943F1 /* DMSans_36pt-SemiBold.ttf in Resources */,
				A68C661FE6DC42BCA88364D6 /* DMSans_36pt-SemiBoldItalic.ttf in Resources */,
				DB86F6A985944BA09D228DBC /* DMSans_36pt-Thin.ttf in Resources */,
				2AD140BC313847BAA74FEDDA /* DMSans_36pt-ThinItalic.ttf in Resources */,
				7025C0BE2C154DF8B0ECFF06 /* DMMono-Italic.ttf in Resources */,
				80E43AB6C58B4607A6EA7E23 /* DMMono-Light.ttf in Resources */,
				7E41B8F32D25E43500037176 /* GoogleService-Info.plist in Resources */,
				A785BA7CC3AE41A08382350E /* DMMono-LightItalic.ttf in Resources */,
				C3B8B4D4443C4D9AB40AB05B /* DMMono-Medium.ttf in Resources */,
				2CF9A8E031174985A6F3CF06 /* DMMono-MediumItalic.ttf in Resources */,
				6AE3BCB2C2AC425196CFED30 /* DMMono-Regular.ttf in Resources */,
			);
			runOnlyForDeploymentPostprocessing = 0;
		};
/* End PBXResourcesBuildPhase section */

/* Begin PBXShellScriptBuildPhase section */
		00DD1BFF1BD5951E006B06BC /* Bundle React Native code and images */ = {
			isa = PBXShellScriptBuildPhase;
			alwaysOutOfDate = 1;
			buildActionMask = 2147483647;
			files = (
			);
			inputPaths = (
			);
			name = "Bundle React Native code and images";
			outputPaths = (
			);
			runOnlyForDeploymentPostprocessing = 0;
			shellPath = /bin/sh;
			shellScript = "if [[ -f \"$PODS_ROOT/../.xcode.env\" ]]; then\n  source \"$PODS_ROOT/../.xcode.env\"\nfi\nif [[ -f \"$PODS_ROOT/../.xcode.env.local\" ]]; then\n  source \"$PODS_ROOT/../.xcode.env.local\"\nfi\n\n# The project root by default is one level up from the ios directory\nexport PROJECT_ROOT=\"$PROJECT_DIR\"/..\n\nif [[ \"$CONFIGURATION\" = *Debug* ]]; then\n  export SKIP_BUNDLING=1\nfi\nif [[ -z \"$ENTRY_FILE\" ]]; then\n  # Set the entry JS file using the bundler's entry resolution.\n  export ENTRY_FILE=\"$(\"$NODE_BINARY\" -e \"require('expo/scripts/resolveAppEntry')\" \"$PROJECT_ROOT\" ios absolute | tail -n 1)\"\nfi\n\nif [[ -z \"$CLI_PATH\" ]]; then\n  # Use Expo CLI\n  export CLI_PATH=\"$(\"$NODE_BINARY\" --print \"require.resolve('@expo/cli', { paths: [require.resolve('expo/package.json')] })\")\"\nfi\nif [[ -z \"$BUNDLE_COMMAND\" ]]; then\n  # Default Expo CLI command for bundling\n  export BUNDLE_COMMAND=\"export:embed\"\nfi\n\n# Source .xcode.env.updates if it exists to allow\n# SKIP_BUNDLING to be unset if needed\nif [[ -f \"$PODS_ROOT/../.xcode.env.updates\" ]]; then\n  source \"$PODS_ROOT/../.xcode.env.updates\"\nfi\n# Source local changes to allow overrides\n# if needed\nif [[ -f \"$PODS_ROOT/../.xcode.env.local\" ]]; then\n  source \"$PODS_ROOT/../.xcode.env.local\"\nfi\n\n`\"$NODE_BINARY\" --print \"require('path').dirname(require.resolve('react-native/package.json')) + '/scripts/react-native-xcode.sh'\"`\n\n";
		};
		24A66807343C0B36F7EF2976 /* [CP-User] [RNFB] Core Configuration */ = {
			isa = PBXShellScriptBuildPhase;
			buildActionMask = 2147483647;
			files = (
			);
			inputPaths = (
				"$(BUILT_PRODUCTS_DIR)/$(INFOPLIST_PATH)",
			);
			name = "[CP-User] [RNFB] Core Configuration";
			runOnlyForDeploymentPostprocessing = 0;
			shellPath = /bin/sh;
			shellScript = "#!/usr/bin/env bash\n#\n# Copyright (c) 2016-present Invertase Limited & Contributors\n#\n# Licensed under the Apache License, Version 2.0 (the \"License\");\n# you may not use this library except in compliance with the License.\n# You may obtain a copy of the License at\n#\n#   http://www.apache.org/licenses/LICENSE-2.0\n#\n# Unless required by applicable law or agreed to in writing, software\n# distributed under the License is distributed on an \"AS IS\" BASIS,\n# WITHOUT WARRANTIES OR CONDITIONS OF ANY KIND, either express or implied.\n# See the License for the specific language governing permissions and\n# limitations under the License.\n#\n\n##########################################################################\n##########################################################################\n#\n#  NOTE THAT IF YOU CHANGE THIS FILE YOU MUST RUN pod install AFTERWARDS\n#\n#  This file is installed as an Xcode build script in the project file\n#  by cocoapods, and you will not see your changes until you pod install\n#\n##########################################################################\n##########################################################################\n\nset -e\n\n_MAX_LOOKUPS=2;\n_SEARCH_RESULT=''\n_RN_ROOT_EXISTS=''\n_CURRENT_LOOKUPS=1\n_JSON_ROOT=\"'react-native'\"\n_JSON_FILE_NAME='firebase.json'\n_JSON_OUTPUT_BASE64='e30=' # { }\n_CURRENT_SEARCH_DIR=${PROJECT_DIR}\n_PLIST_BUDDY=/usr/libexec/PlistBuddy\n_TARGET_PLIST=\"${BUILT_PRODUCTS_DIR}/${INFOPLIST_PATH}\"\n_DSYM_PLIST=\"${DWARF_DSYM_FOLDER_PATH}/${DWARF_DSYM_FILE_NAME}/Contents/Info.plist\"\n\n# plist arrays\n_PLIST_ENTRY_KEYS=()\n_PLIST_ENTRY_TYPES=()\n_PLIST_ENTRY_VALUES=()\n\nfunction setPlistValue {\n  echo \"info:      setting plist entry '$1' of type '$2' in file '$4'\"\n  ${_PLIST_BUDDY} -c \"Add :$1 $2 '$3'\" $4 || echo \"info:      '$1' already exists\"\n}\n\nfunction getFirebaseJsonKeyValue () {\n  if [[ ${_RN_ROOT_EXISTS} ]]; then\n    ruby -Ku -e \"require 'rubygems';require 'json'; output=JSON.parse('$1'); puts output[$_JSON_ROOT]['$2']\"\n  else\n    echo \"\"\n  fi;\n}\n\nfunction jsonBoolToYesNo () {\n  if [[ $1 == \"false\" ]]; then\n    echo \"NO\"\n  elif [[ $1 == \"true\" ]]; then\n    echo \"YES\"\n  else echo \"NO\"\n  fi\n}\n\necho \"info: -> RNFB build script started\"\necho \"info: 1) Locating ${_JSON_FILE_NAME} file:\"\n\nif [[ -z ${_CURRENT_SEARCH_DIR} ]]; then\n  _CURRENT_SEARCH_DIR=$(pwd)\nfi;\n\nwhile true; do\n  _CURRENT_SEARCH_DIR=$(dirname \"$_CURRENT_SEARCH_DIR\")\n  if [[ \"$_CURRENT_SEARCH_DIR\" == \"/\" ]] || [[ ${_CURRENT_LOOKUPS} -gt ${_MAX_LOOKUPS} ]]; then break; fi;\n  echo \"info:      ($_CURRENT_LOOKUPS of $_MAX_LOOKUPS) Searching in '$_CURRENT_SEARCH_DIR' for a ${_JSON_FILE_NAME} file.\"\n  _SEARCH_RESULT=$(find \"$_CURRENT_SEARCH_DIR\" -maxdepth 2 -name ${_JSON_FILE_NAME} -print | /usr/bin/head -n 1)\n  if [[ ${_SEARCH_RESULT} ]]; then\n    echo \"info:      ${_JSON_FILE_NAME} found at $_SEARCH_RESULT\"\n    break;\n  fi;\n  _CURRENT_LOOKUPS=$((_CURRENT_LOOKUPS+1))\ndone\n\nif [[ ${_SEARCH_RESULT} ]]; then\n  _JSON_OUTPUT_RAW=$(cat \"${_SEARCH_RESULT}\")\n  _RN_ROOT_EXISTS=$(ruby -Ku -e \"require 'rubygems';require 'json'; output=JSON.parse('$_JSON_OUTPUT_RAW'); puts output[$_JSON_ROOT]\" || echo '')\n\n  if [[ ${_RN_ROOT_EXISTS} ]]; then\n    if ! python3 --version >/dev/null 2>&1; then echo \"python3 not found, firebase.json file processing error.\" && exit 1; fi\n    _JSON_OUTPUT_BASE64=$(python3 -c 'import json,sys,base64;print(base64.b64encode(bytes(json.dumps(json.loads(open('\"'${_SEARCH_RESULT}'\"', '\"'rb'\"').read())['${_JSON_ROOT}']), '\"'utf-8'\"')).decode())' || echo \"e30=\")\n  fi\n\n  _PLIST_ENTRY_KEYS+=(\"firebase_json_raw\")\n  _PLIST_ENTRY_TYPES+=(\"string\")\n  _PLIST_ENTRY_VALUES+=(\"$_JSON_OUTPUT_BASE64\")\n\n  # config.app_data_collection_default_enabled\n  _APP_DATA_COLLECTION_ENABLED=$(getFirebaseJsonKeyValue \"$_JSON_OUTPUT_RAW\" \"app_data_collection_default_enabled\")\n  if [[ $_APP_DATA_COLLECTION_ENABLED ]]; then\n    _PLIST_ENTRY_KEYS+=(\"FirebaseDataCollectionDefaultEnabled\")\n    _PLIST_ENTRY_TYPES+=(\"bool\")\n    _PLIST_ENTRY_VALUES+=(\"$(jsonBoolToYesNo \"$_APP_DATA_COLLECTION_ENABLED\")\")\n  fi\n\n  # config.analytics_auto_collection_enabled\n  _ANALYTICS_AUTO_COLLECTION=$(getFirebaseJsonKeyValue \"$_JSON_OUTPUT_RAW\" \"analytics_auto_collection_enabled\")\n  if [[ $_ANALYTICS_AUTO_COLLECTION ]]; then\n    _PLIST_ENTRY_KEYS+=(\"FIREBASE_ANALYTICS_COLLECTION_ENABLED\")\n    _PLIST_ENTRY_TYPES+=(\"bool\")\n    _PLIST_ENTRY_VALUES+=(\"$(jsonBoolToYesNo \"$_ANALYTICS_AUTO_COLLECTION\")\")\n  fi\n\n  # config.analytics_collection_deactivated\n  _ANALYTICS_DEACTIVATED=$(getFirebaseJsonKeyValue \"$_JSON_OUTPUT_RAW\" \"analytics_collection_deactivated\")\n  if [[ $_ANALYTICS_DEACTIVATED ]]; then\n    _PLIST_ENTRY_KEYS+=(\"FIREBASE_ANALYTICS_COLLECTION_DEACTIVATED\")\n    _PLIST_ENTRY_TYPES+=(\"bool\")\n    _PLIST_ENTRY_VALUES+=(\"$(jsonBoolToYesNo \"$_ANALYTICS_DEACTIVATED\")\")\n  fi\n\n  # config.analytics_idfv_collection_enabled\n  _ANALYTICS_IDFV_COLLECTION=$(getFirebaseJsonKeyValue \"$_JSON_OUTPUT_RAW\" \"analytics_idfv_collection_enabled\")\n  if [[ $_ANALYTICS_IDFV_COLLECTION ]]; then\n    _PLIST_ENTRY_KEYS+=(\"GOOGLE_ANALYTICS_IDFV_COLLECTION_ENABLED\")\n    _PLIST_ENTRY_TYPES+=(\"bool\")\n    _PLIST_ENTRY_VALUES+=(\"$(jsonBoolToYesNo \"$_ANALYTICS_IDFV_COLLECTION\")\")\n  fi\n\n  # config.analytics_default_allow_analytics_storage\n  _ANALYTICS_STORAGE=$(getFirebaseJsonKeyValue \"$_JSON_OUTPUT_RAW\" \"analytics_default_allow_analytics_storage\")\n  if [[ $_ANALYTICS_STORAGE ]]; then\n    _PLIST_ENTRY_KEYS+=(\"GOOGLE_ANALYTICS_DEFAULT_ALLOW_ANALYTICS_STORAGE\")\n    _PLIST_ENTRY_TYPES+=(\"bool\")\n    _PLIST_ENTRY_VALUES+=(\"$(jsonBoolToYesNo \"$_ANALYTICS_STORAGE\")\")\n  fi\n\n  # config.analytics_default_allow_ad_storage\n  _ANALYTICS_AD_STORAGE=$(getFirebaseJsonKeyValue \"$_JSON_OUTPUT_RAW\" \"analytics_default_allow_ad_storage\")\n  if [[ $_ANALYTICS_AD_STORAGE ]]; then\n    _PLIST_ENTRY_KEYS+=(\"GOOGLE_ANALYTICS_DEFAULT_ALLOW_AD_STORAGE\")\n    _PLIST_ENTRY_TYPES+=(\"bool\")\n    _PLIST_ENTRY_VALUES+=(\"$(jsonBoolToYesNo \"$_ANALYTICS_AD_STORAGE\")\")\n  fi\n\n  # config.analytics_default_allow_ad_user_data\n  _ANALYTICS_AD_USER_DATA=$(getFirebaseJsonKeyValue \"$_JSON_OUTPUT_RAW\" \"analytics_default_allow_ad_user_data\")\n  if [[ $_ANALYTICS_AD_USER_DATA ]]; then\n    _PLIST_ENTRY_KEYS+=(\"GOOGLE_ANALYTICS_DEFAULT_ALLOW_AD_USER_DATA\")\n    _PLIST_ENTRY_TYPES+=(\"bool\")\n    _PLIST_ENTRY_VALUES+=(\"$(jsonBoolToYesNo \"$_ANALYTICS_AD_USER_DATA\")\")\n  fi\n\n  # config.analytics_default_allow_ad_personalization_signals\n  _ANALYTICS_PERSONALIZATION=$(getFirebaseJsonKeyValue \"$_JSON_OUTPUT_RAW\" \"analytics_default_allow_ad_personalization_signals\")\n  if [[ $_ANALYTICS_PERSONALIZATION ]]; then\n    _PLIST_ENTRY_KEYS+=(\"GOOGLE_ANALYTICS_DEFAULT_ALLOW_AD_PERSONALIZATION_SIGNALS\")\n    _PLIST_ENTRY_TYPES+=(\"bool\")\n    _PLIST_ENTRY_VALUES+=(\"$(jsonBoolToYesNo \"$_ANALYTICS_PERSONALIZATION\")\")\n  fi\n\n  # config.analytics_registration_with_ad_network_enabled\n  _ANALYTICS_REGISTRATION_WITH_AD_NETWORK=$(getFirebaseJsonKeyValue \"$_JSON_OUTPUT_RAW\" \"google_analytics_registration_with_ad_network_enabled\")\n  if [[ $_ANALYTICS_REGISTRATION_WITH_AD_NETWORK ]]; then\n    _PLIST_ENTRY_KEYS+=(\"GOOGLE_ANALYTICS_REGISTRATION_WITH_AD_NETWORK_ENABLED\")\n    _PLIST_ENTRY_TYPES+=(\"bool\")\n    _PLIST_ENTRY_VALUES+=(\"$(jsonBoolToYesNo \"$_ANALYTICS_REGISTRATION_WITH_AD_NETWORK\")\")\n  fi\n\n  # config.google_analytics_automatic_screen_reporting_enabled\n  _ANALYTICS_AUTO_SCREEN_REPORTING=$(getFirebaseJsonKeyValue \"$_JSON_OUTPUT_RAW\" \"google_analytics_automatic_screen_reporting_enabled\")\n  if [[ $_ANALYTICS_AUTO_SCREEN_REPORTING ]]; then\n    _PLIST_ENTRY_KEYS+=(\"FirebaseAutomaticScreenReportingEnabled\")\n    _PLIST_ENTRY_TYPES+=(\"bool\")\n    _PLIST_ENTRY_VALUES+=(\"$(jsonBoolToYesNo \"$_ANALYTICS_AUTO_SCREEN_REPORTING\")\")\n  fi\n\n  # config.perf_auto_collection_enabled\n  _PERF_AUTO_COLLECTION=$(getFirebaseJsonKeyValue \"$_JSON_OUTPUT_RAW\" \"perf_auto_collection_enabled\")\n  if [[ $_PERF_AUTO_COLLECTION ]]; then\n    _PLIST_ENTRY_KEYS+=(\"firebase_performance_collection_enabled\")\n    _PLIST_ENTRY_TYPES+=(\"bool\")\n    _PLIST_ENTRY_VALUES+=(\"$(jsonBoolToYesNo \"$_PERF_AUTO_COLLECTION\")\")\n  fi\n\n  # config.perf_collection_deactivated\n  _PERF_DEACTIVATED=$(getFirebaseJsonKeyValue \"$_JSON_OUTPUT_RAW\" \"perf_collection_deactivated\")\n  if [[ $_PERF_DEACTIVATED ]]; then\n    _PLIST_ENTRY_KEYS+=(\"firebase_performance_collection_deactivated\")\n    _PLIST_ENTRY_TYPES+=(\"bool\")\n    _PLIST_ENTRY_VALUES+=(\"$(jsonBoolToYesNo \"$_PERF_DEACTIVATED\")\")\n  fi\n\n  # config.messaging_auto_init_enabled\n  _MESSAGING_AUTO_INIT=$(getFirebaseJsonKeyValue \"$_JSON_OUTPUT_RAW\" \"messaging_auto_init_enabled\")\n  if [[ $_MESSAGING_AUTO_INIT ]]; then\n    _PLIST_ENTRY_KEYS+=(\"FirebaseMessagingAutoInitEnabled\")\n    _PLIST_ENTRY_TYPES+=(\"bool\")\n    _PLIST_ENTRY_VALUES+=(\"$(jsonBoolToYesNo \"$_MESSAGING_AUTO_INIT\")\")\n  fi\n\n  # config.in_app_messaging_auto_colllection_enabled\n  _FIAM_AUTO_INIT=$(getFirebaseJsonKeyValue \"$_JSON_OUTPUT_RAW\" \"in_app_messaging_auto_collection_enabled\")\n  if [[ $_FIAM_AUTO_INIT ]]; then\n    _PLIST_ENTRY_KEYS+=(\"FirebaseInAppMessagingAutomaticDataCollectionEnabled\")\n    _PLIST_ENTRY_TYPES+=(\"bool\")\n    _PLIST_ENTRY_VALUES+=(\"$(jsonBoolToYesNo \"$_FIAM_AUTO_INIT\")\")\n  fi\n\n  # config.app_check_token_auto_refresh\n  _APP_CHECK_TOKEN_AUTO_REFRESH=$(getFirebaseJsonKeyValue \"$_JSON_OUTPUT_RAW\" \"app_check_token_auto_refresh\")\n  if [[ $_APP_CHECK_TOKEN_AUTO_REFRESH ]]; then\n    _PLIST_ENTRY_KEYS+=(\"FirebaseAppCheckTokenAutoRefreshEnabled\")\n    _PLIST_ENTRY_TYPES+=(\"bool\")\n    _PLIST_ENTRY_VALUES+=(\"$(jsonBoolToYesNo \"$_APP_CHECK_TOKEN_AUTO_REFRESH\")\")\n  fi\n\n  # config.crashlytics_disable_auto_disabler - undocumented for now - mainly for debugging, document if becomes useful\n  _CRASHLYTICS_AUTO_DISABLE_ENABLED=$(getFirebaseJsonKeyValue \"$_JSON_OUTPUT_RAW\" \"crashlytics_disable_auto_disabler\")\n  if [[ $_CRASHLYTICS_AUTO_DISABLE_ENABLED == \"true\" ]]; then\n    echo \"Disabled Crashlytics auto disabler.\" # do nothing\n  else\n    _PLIST_ENTRY_KEYS+=(\"FirebaseCrashlyticsCollectionEnabled\")\n    _PLIST_ENTRY_TYPES+=(\"bool\")\n    _PLIST_ENTRY_VALUES+=(\"NO\")\n  fi\nelse\n  _PLIST_ENTRY_KEYS+=(\"firebase_json_raw\")\n  _PLIST_ENTRY_TYPES+=(\"string\")\n  _PLIST_ENTRY_VALUES+=(\"$_JSON_OUTPUT_BASE64\")\n  echo \"warning:   A firebase.json file was not found, whilst this file is optional it is recommended to include it to configure firebase services in React Native Firebase.\"\nfi;\n\necho \"info: 2) Injecting Info.plist entries: \"\n\n# Log out the keys we're adding\nfor i in \"${!_PLIST_ENTRY_KEYS[@]}\"; do\n  echo \"    ->  $i) ${_PLIST_ENTRY_KEYS[$i]}\" \"${_PLIST_ENTRY_TYPES[$i]}\" \"${_PLIST_ENTRY_VALUES[$i]}\"\ndone\n\nfor plist in \"${_TARGET_PLIST}\" \"${_DSYM_PLIST}\" ; do\n  if [[ -f \"${plist}\" ]]; then\n\n    # paths with spaces break the call to setPlistValue. temporarily modify\n    # the shell internal field separator variable (IFS), which normally\n    # includes spaces, to consist only of line breaks\n    oldifs=$IFS\n    IFS=\"\n\"\n\n    for i in \"${!_PLIST_ENTRY_KEYS[@]}\"; do\n      setPlistValue \"${_PLIST_ENTRY_KEYS[$i]}\" \"${_PLIST_ENTRY_TYPES[$i]}\" \"${_PLIST_ENTRY_VALUES[$i]}\" \"${plist}\"\n    done\n\n    # restore the original internal field separator value\n    IFS=$oldifs\n  else\n    echo \"warning:   A Info.plist build output file was not found (${plist})\"\n  fi\ndone\n\necho \"info: <- RNFB build script finished\"\n";
		};
		2C05A1B2CCF708226340F6D4 /* [CP] Embed Pods Frameworks */ = {
			isa = PBXShellScriptBuildPhase;
			buildActionMask = 2147483647;
			files = (
			);
			inputPaths = (
				"${PODS_ROOT}/Target Support Files/Pods-MoreExcitingLife/Pods-MoreExcitingLife-frameworks.sh",
				"${PODS_XCFRAMEWORKS_BUILD_DIR}/hermes-engine/Pre-built/hermes.framework/hermes",
			);
			name = "[CP] Embed Pods Frameworks";
			outputPaths = (
				"${TARGET_BUILD_DIR}/${FRAMEWORKS_FOLDER_PATH}/hermes.framework",
			);
			runOnlyForDeploymentPostprocessing = 0;
			shellPath = /bin/sh;
			shellScript = "\"${PODS_ROOT}/Target Support Files/Pods-MoreExcitingLife/Pods-MoreExcitingLife-frameworks.sh\"\n";
			showEnvVarsInLog = 0;
		};
		3493C3F6A1D58CD91CD45473 /* [CP] Check Pods Manifest.lock */ = {
			isa = PBXShellScriptBuildPhase;
			buildActionMask = 2147483647;
			files = (
			);
			inputFileListPaths = (
			);
			inputPaths = (
				"${PODS_PODFILE_DIR_PATH}/Podfile.lock",
				"${PODS_ROOT}/Manifest.lock",
			);
			name = "[CP] Check Pods Manifest.lock";
			outputFileListPaths = (
			);
			outputPaths = (
				"$(DERIVED_FILE_DIR)/Pods-MoreExcitingLife-checkManifestLockResult.txt",
			);
			runOnlyForDeploymentPostprocessing = 0;
			shellPath = /bin/sh;
			shellScript = "diff \"${PODS_PODFILE_DIR_PATH}/Podfile.lock\" \"${PODS_ROOT}/Manifest.lock\" > /dev/null\nif [ $? != 0 ] ; then\n    # print error to STDERR\n    echo \"error: The sandbox is not in sync with the Podfile.lock. Run 'pod install' or update your CocoaPods installation.\" >&2\n    exit 1\nfi\n# This output is used by Xcode 'outputs' to avoid re-running this script phase.\necho \"SUCCESS\" > \"${SCRIPT_OUTPUT_FILE_0}\"\n";
			showEnvVarsInLog = 0;
		};
		83B4E664559A5B4593C29094 /* [CP] Copy Pods Resources */ = {
			isa = PBXShellScriptBuildPhase;
			buildActionMask = 2147483647;
			files = (
			);
			inputPaths = (
				"${PODS_ROOT}/Target Support Files/Pods-MoreExcitingLife/Pods-MoreExcitingLife-resources.sh",
				"${PODS_CONFIGURATION_BUILD_DIR}/EXConstants/EXConstants.bundle",
				"${PODS_CONFIGURATION_BUILD_DIR}/EXConstants/ExpoConstants_privacy.bundle",
				"${PODS_CONFIGURATION_BUILD_DIR}/ExpoFileSystem/ExpoFileSystem_privacy.bundle",
				"${PODS_CONFIGURATION_BUILD_DIR}/FirebaseCore/FirebaseCore_Privacy.bundle",
				"${PODS_CONFIGURATION_BUILD_DIR}/FirebaseCoreExtension/FirebaseCoreExtension_Privacy.bundle",
				"${PODS_CONFIGURATION_BUILD_DIR}/FirebaseCoreInternal/FirebaseCoreInternal_Privacy.bundle",
				"${PODS_CONFIGURATION_BUILD_DIR}/FirebaseInstallations/FirebaseInstallations_Privacy.bundle",
				"${PODS_CONFIGURATION_BUILD_DIR}/FirebaseMessaging/FirebaseMessaging_Privacy.bundle",
				"${PODS_CONFIGURATION_BUILD_DIR}/GoogleDataTransport/GoogleDataTransport_Privacy.bundle",
				"${PODS_CONFIGURATION_BUILD_DIR}/GoogleUtilities/GoogleUtilities_Privacy.bundle",
				"${PODS_CONFIGURATION_BUILD_DIR}/PromisesObjC/FBLPromises_Privacy.bundle",
				"${PODS_CONFIGURATION_BUILD_DIR}/RCT-Folly/RCT-Folly_privacy.bundle",
				"${PODS_CONFIGURATION_BUILD_DIR}/RNSVG/RNSVGFilters.bundle",
				"${PODS_CONFIGURATION_BUILD_DIR}/React-Core/React-Core_privacy.bundle",
				"${PODS_CONFIGURATION_BUILD_DIR}/React-cxxreact/React-cxxreact_privacy.bundle",
				"${PODS_CONFIGURATION_BUILD_DIR}/boost/boost_privacy.bundle",
				"${PODS_CONFIGURATION_BUILD_DIR}/glog/glog_privacy.bundle",
				"${PODS_CONFIGURATION_BUILD_DIR}/nanopb/nanopb_Privacy.bundle",
			);
			name = "[CP] Copy Pods Resources";
			outputPaths = (
				"${TARGET_BUILD_DIR}/${UNLOCALIZED_RESOURCES_FOLDER_PATH}/EXConstants.bundle",
				"${TARGET_BUILD_DIR}/${UNLOCALIZED_RESOURCES_FOLDER_PATH}/ExpoConstants_privacy.bundle",
				"${TARGET_BUILD_DIR}/${UNLOCALIZED_RESOURCES_FOLDER_PATH}/ExpoFileSystem_privacy.bundle",
				"${TARGET_BUILD_DIR}/${UNLOCALIZED_RESOURCES_FOLDER_PATH}/FirebaseCore_Privacy.bundle",
				"${TARGET_BUILD_DIR}/${UNLOCALIZED_RESOURCES_FOLDER_PATH}/FirebaseCoreExtension_Privacy.bundle",
				"${TARGET_BUILD_DIR}/${UNLOCALIZED_RESOURCES_FOLDER_PATH}/FirebaseCoreInternal_Privacy.bundle",
				"${TARGET_BUILD_DIR}/${UNLOCALIZED_RESOURCES_FOLDER_PATH}/FirebaseInstallations_Privacy.bundle",
				"${TARGET_BUILD_DIR}/${UNLOCALIZED_RESOURCES_FOLDER_PATH}/FirebaseMessaging_Privacy.bundle",
				"${TARGET_BUILD_DIR}/${UNLOCALIZED_RESOURCES_FOLDER_PATH}/GoogleDataTransport_Privacy.bundle",
				"${TARGET_BUILD_DIR}/${UNLOCALIZED_RESOURCES_FOLDER_PATH}/GoogleUtilities_Privacy.bundle",
				"${TARGET_BUILD_DIR}/${UNLOCALIZED_RESOURCES_FOLDER_PATH}/FBLPromises_Privacy.bundle",
				"${TARGET_BUILD_DIR}/${UNLOCALIZED_RESOURCES_FOLDER_PATH}/RCT-Folly_privacy.bundle",
				"${TARGET_BUILD_DIR}/${UNLOCALIZED_RESOURCES_FOLDER_PATH}/RNSVGFilters.bundle",
				"${TARGET_BUILD_DIR}/${UNLOCALIZED_RESOURCES_FOLDER_PATH}/React-Core_privacy.bundle",
				"${TARGET_BUILD_DIR}/${UNLOCALIZED_RESOURCES_FOLDER_PATH}/React-cxxreact_privacy.bundle",
				"${TARGET_BUILD_DIR}/${UNLOCALIZED_RESOURCES_FOLDER_PATH}/boost_privacy.bundle",
				"${TARGET_BUILD_DIR}/${UNLOCALIZED_RESOURCES_FOLDER_PATH}/glog_privacy.bundle",
				"${TARGET_BUILD_DIR}/${UNLOCALIZED_RESOURCES_FOLDER_PATH}/nanopb_Privacy.bundle",
			);
			runOnlyForDeploymentPostprocessing = 0;
			shellPath = /bin/sh;
			shellScript = "\"${PODS_ROOT}/Target Support Files/Pods-MoreExcitingLife/Pods-MoreExcitingLife-resources.sh\"\n";
			showEnvVarsInLog = 0;
		};
		A0408BCBDF71ED2105C38FBF /* [Expo] Configure project */ = {
			isa = PBXShellScriptBuildPhase;
			alwaysOutOfDate = 1;
			buildActionMask = 2147483647;
			files = (
			);
			inputFileListPaths = (
			);
			inputPaths = (
			);
			name = "[Expo] Configure project";
			outputFileListPaths = (
			);
			outputPaths = (
			);
			runOnlyForDeploymentPostprocessing = 0;
			shellPath = /bin/sh;
			shellScript = "# This script configures Expo modules and generates the modules provider file.\nbash -l -c \"./Pods/Target\\ Support\\ Files/Pods-MoreExcitingLife/expo-configure-project.sh\"\n";
		};
/* End PBXShellScriptBuildPhase section */

/* Begin PBXSourcesBuildPhase section */
		13B07F871A680F5B00A75B9A /* Sources */ = {
			isa = PBXSourcesBuildPhase;
			buildActionMask = 2147483647;
			files = (
				13B07FBC1A68108700A75B9A /* AppDelegate.mm in Sources */,
				13B07FC11A68108700A75B9A /* main.m in Sources */,
				B18059E884C0ABDD17F3DC3D /* ExpoModulesProvider.swift in Sources */,
				9A694B7A0C714EC88CF88FED /* noop-file.swift in Sources */,
			);
			runOnlyForDeploymentPostprocessing = 0;
		};
/* End PBXSourcesBuildPhase section */

/* Begin XCBuildConfiguration section */
		13B07F941A680F5B00A75B9A /* Debug */ = {
			isa = XCBuildConfiguration;
			baseConfigurationReference = D94F5BF7A9445318F3FBA079 /* Pods-MoreExcitingLife.debug.xcconfig */;
			buildSettings = {
				ASSETCATALOG_COMPILER_APPICON_NAME = AppIcon;
				CLANG_ENABLE_MODULES = YES;
				CODE_SIGN_ENTITLEMENTS = MoreExcitingLife/MoreExcitingLife.entitlements;
				CURRENT_PROJECT_VERSION = 7;
				DEVELOPMENT_TEAM = UUFP6X9GM9;
				ENABLE_BITCODE = NO;
				ENABLE_USER_SCRIPT_SANDBOXING = NO;
				GCC_PREPROCESSOR_DEFINITIONS = (
					"$(inherited)",
					"FB_SONARKIT_ENABLED=1",
				);
				INFOPLIST_FILE = MoreExcitingLife/Info.plist;
				INFOPLIST_KEY_CFBundleDisplayName = "More Exciting Life";
				INFOPLIST_KEY_LSApplicationCategoryType = "public.app-category.lifestyle";
				IPHONEOS_DEPLOYMENT_TARGET = 15.1;
				LD_RUNPATH_SEARCH_PATHS = (
					"$(inherited)",
					"@executable_path/Frameworks",
				);
				MARKETING_VERSION = 1.0.0;
				OTHER_LDFLAGS = (
					"$(inherited)",
					"-ObjC",
					"-lc++",
				);
				OTHER_SWIFT_FLAGS = "$(inherited) -D EXPO_CONFIGURATION_DEBUG";
				PRODUCT_BUNDLE_IDENTIFIER = life.moreexciting.app;
				PRODUCT_NAME = MoreExcitingLife;
				SUPPORTED_PLATFORMS = "iphoneos iphonesimulator";
				SUPPORTS_MACCATALYST = NO;
				SUPPORTS_MAC_DESIGNED_FOR_IPHONE_IPAD = NO;
				SUPPORTS_XR_DESIGNED_FOR_IPHONE_IPAD = NO;
				SWIFT_OBJC_BRIDGING_HEADER = "MoreExcitingLife/MoreExcitingLife-Bridging-Header.h";
				SWIFT_OPTIMIZATION_LEVEL = "-Onone";
				SWIFT_VERSION = 5.0;
				TARGETED_DEVICE_FAMILY = 1;
				VERSIONING_SYSTEM = "apple-generic";
			};
			name = Debug;
		};
		13B07F951A680F5B00A75B9A /* Release */ = {
			isa = XCBuildConfiguration;
			baseConfigurationReference = F589FDF13F553E1C92F30BBD /* Pods-MoreExcitingLife.release.xcconfig */;
			buildSettings = {
				ASSETCATALOG_COMPILER_APPICON_NAME = AppIcon;
				CLANG_ENABLE_MODULES = YES;
				CODE_SIGN_ENTITLEMENTS = MoreExcitingLife/MoreExcitingLife.entitlements;
				CURRENT_PROJECT_VERSION = 7;
				DEVELOPMENT_TEAM = UUFP6X9GM9;
				ENABLE_USER_SCRIPT_SANDBOXING = NO;
				INFOPLIST_FILE = MoreExcitingLife/Info.plist;
				INFOPLIST_KEY_CFBundleDisplayName = "More Exciting Life";
				INFOPLIST_KEY_LSApplicationCategoryType = "public.app-category.lifestyle";
				IPHONEOS_DEPLOYMENT_TARGET = 15.1;
				LD_RUNPATH_SEARCH_PATHS = (
					"$(inherited)",
					"@executable_path/Frameworks",
				);
				MARKETING_VERSION = 1.0.0;
				OTHER_LDFLAGS = (
					"$(inherited)",
					"-ObjC",
					"-lc++",
				);
				OTHER_SWIFT_FLAGS = "$(inherited) -D EXPO_CONFIGURATION_RELEASE";
				PRODUCT_BUNDLE_IDENTIFIER = life.moreexciting.app;
				PRODUCT_NAME = MoreExcitingLife;
				SUPPORTED_PLATFORMS = "iphoneos iphonesimulator";
				SUPPORTS_MACCATALYST = NO;
				SUPPORTS_MAC_DESIGNED_FOR_IPHONE_IPAD = NO;
				SUPPORTS_XR_DESIGNED_FOR_IPHONE_IPAD = NO;
				SWIFT_OBJC_BRIDGING_HEADER = "MoreExcitingLife/MoreExcitingLife-Bridging-Header.h";
				SWIFT_VERSION = 5.0;
				TARGETED_DEVICE_FAMILY = 1;
				VERSIONING_SYSTEM = "apple-generic";
			};
			name = Release;
		};
		83CBBA201A601CBA00E9B192 /* Debug */ = {
			isa = XCBuildConfiguration;
			buildSettings = {
				ALWAYS_SEARCH_USER_PATHS = NO;
				CLANG_ANALYZER_LOCALIZABILITY_NONLOCALIZED = YES;
				CLANG_CXX_LANGUAGE_STANDARD = "c++20";
				CLANG_CXX_LIBRARY = "libc++";
				CLANG_ENABLE_MODULES = YES;
				CLANG_ENABLE_OBJC_ARC = YES;
				CLANG_WARN_BLOCK_CAPTURE_AUTORELEASING = YES;
				CLANG_WARN_BOOL_CONVERSION = YES;
				CLANG_WARN_COMMA = YES;
				CLANG_WARN_CONSTANT_CONVERSION = YES;
				CLANG_WARN_DEPRECATED_OBJC_IMPLEMENTATIONS = YES;
				CLANG_WARN_DIRECT_OBJC_ISA_USAGE = YES_ERROR;
				CLANG_WARN_EMPTY_BODY = YES;
				CLANG_WARN_ENUM_CONVERSION = YES;
				CLANG_WARN_INFINITE_RECURSION = YES;
				CLANG_WARN_INT_CONVERSION = YES;
				CLANG_WARN_NON_LITERAL_NULL_CONVERSION = YES;
				CLANG_WARN_OBJC_IMPLICIT_RETAIN_SELF = YES;
				CLANG_WARN_OBJC_LITERAL_CONVERSION = YES;
				CLANG_WARN_OBJC_ROOT_CLASS = YES_ERROR;
				CLANG_WARN_QUOTED_INCLUDE_IN_FRAMEWORK_HEADER = YES;
				CLANG_WARN_RANGE_LOOP_ANALYSIS = YES;
				CLANG_WARN_STRICT_PROTOTYPES = YES;
				CLANG_WARN_SUSPICIOUS_MOVE = YES;
				CLANG_WARN_UNREACHABLE_CODE = YES;
				CLANG_WARN__DUPLICATE_METHOD_MATCH = YES;
				"CODE_SIGN_IDENTITY[sdk=iphoneos*]" = "iPhone Developer";
				COPY_PHASE_STRIP = NO;
				ENABLE_STRICT_OBJC_MSGSEND = YES;
				ENABLE_TESTABILITY = YES;
				ENABLE_USER_SCRIPT_SANDBOXING = YES;
				GCC_C_LANGUAGE_STANDARD = gnu99;
				GCC_DYNAMIC_NO_PIC = NO;
				GCC_NO_COMMON_BLOCKS = YES;
				GCC_OPTIMIZATION_LEVEL = 0;
				GCC_PREPROCESSOR_DEFINITIONS = (
					"DEBUG=1",
					"$(inherited)",
				);
				GCC_SYMBOLS_PRIVATE_EXTERN = NO;
				GCC_WARN_64_TO_32_BIT_CONVERSION = YES;
				GCC_WARN_ABOUT_RETURN_TYPE = YES_ERROR;
				GCC_WARN_UNDECLARED_SELECTOR = YES;
				GCC_WARN_UNINITIALIZED_AUTOS = YES_AGGRESSIVE;
				GCC_WARN_UNUSED_FUNCTION = YES;
				GCC_WARN_UNUSED_VARIABLE = YES;
				IPHONEOS_DEPLOYMENT_TARGET = 15.1;
				LD_RUNPATH_SEARCH_PATHS = (
					/usr/lib/swift,
					"$(inherited)",
				);
				LIBRARY_SEARCH_PATHS = "$(SDKROOT)/usr/lib/swift\"$(inherited)\"";
				MTL_ENABLE_DEBUG_INFO = YES;
				ONLY_ACTIVE_ARCH = YES;
				OTHER_LDFLAGS = "$(inherited)  ";
				REACT_NATIVE_PATH = "${PODS_ROOT}/../../node_modules/react-native";
				SDKROOT = iphoneos;
				SWIFT_ACTIVE_COMPILATION_CONDITIONS = "$(inherited) DEBUG";
				USE_HERMES = true;
			};
			name = Debug;
		};
		83CBBA211A601CBA00E9B192 /* Release */ = {
			isa = XCBuildConfiguration;
			buildSettings = {
				ALWAYS_SEARCH_USER_PATHS = NO;
				CLANG_ANALYZER_LOCALIZABILITY_NONLOCALIZED = YES;
				CLANG_CXX_LANGUAGE_STANDARD = "c++20";
				CLANG_CXX_LIBRARY = "libc++";
				CLANG_ENABLE_MODULES = YES;
				CLANG_ENABLE_OBJC_ARC = YES;
				CLANG_WARN_BLOCK_CAPTURE_AUTORELEASING = YES;
				CLANG_WARN_BOOL_CONVERSION = YES;
				CLANG_WARN_COMMA = YES;
				CLANG_WARN_CONSTANT_CONVERSION = YES;
				CLANG_WARN_DEPRECATED_OBJC_IMPLEMENTATIONS = YES;
				CLANG_WARN_DIRECT_OBJC_ISA_USAGE = YES_ERROR;
				CLANG_WARN_EMPTY_BODY = YES;
				CLANG_WARN_ENUM_CONVERSION = YES;
				CLANG_WARN_INFINITE_RECURSION = YES;
				CLANG_WARN_INT_CONVERSION = YES;
				CLANG_WARN_NON_LITERAL_NULL_CONVERSION = YES;
				CLANG_WARN_OBJC_IMPLICIT_RETAIN_SELF = YES;
				CLANG_WARN_OBJC_LITERAL_CONVERSION = YES;
				CLANG_WARN_OBJC_ROOT_CLASS = YES_ERROR;
				CLANG_WARN_QUOTED_INCLUDE_IN_FRAMEWORK_HEADER = YES;
				CLANG_WARN_RANGE_LOOP_ANALYSIS = YES;
				CLANG_WARN_STRICT_PROTOTYPES = YES;
				CLANG_WARN_SUSPICIOUS_MOVE = YES;
				CLANG_WARN_UNREACHABLE_CODE = YES;
				CLANG_WARN__DUPLICATE_METHOD_MATCH = YES;
				"CODE_SIGN_IDENTITY[sdk=iphoneos*]" = "iPhone Developer";
				COPY_PHASE_STRIP = YES;
				ENABLE_NS_ASSERTIONS = NO;
				ENABLE_STRICT_OBJC_MSGSEND = YES;
				ENABLE_USER_SCRIPT_SANDBOXING = YES;
				GCC_C_LANGUAGE_STANDARD = gnu99;
				GCC_NO_COMMON_BLOCKS = YES;
				GCC_WARN_64_TO_32_BIT_CONVERSION = YES;
				GCC_WARN_ABOUT_RETURN_TYPE = YES_ERROR;
				GCC_WARN_UNDECLARED_SELECTOR = YES;
				GCC_WARN_UNINITIALIZED_AUTOS = YES_AGGRESSIVE;
				GCC_WARN_UNUSED_FUNCTION = YES;
				GCC_WARN_UNUSED_VARIABLE = YES;
				IPHONEOS_DEPLOYMENT_TARGET = 15.1;
				LD_RUNPATH_SEARCH_PATHS = (
					/usr/lib/swift,
					"$(inherited)",
				);
				LIBRARY_SEARCH_PATHS = "$(SDKROOT)/usr/lib/swift\"$(inherited)\"";
				MTL_ENABLE_DEBUG_INFO = NO;
				OTHER_LDFLAGS = "$(inherited)  ";
				REACT_NATIVE_PATH = "${PODS_ROOT}/../../node_modules/react-native";
				SDKROOT = iphoneos;
				SWIFT_COMPILATION_MODE = wholemodule;
				USE_HERMES = true;
				VALIDATE_PRODUCT = YES;
			};
			name = Release;
		};
/* End XCBuildConfiguration section */

/* Begin XCConfigurationList section */
		13B07F931A680F5B00A75B9A /* Build configuration list for PBXNativeTarget "MoreExcitingLife" */ = {
			isa = XCConfigurationList;
			buildConfigurations = (
				13B07F941A680F5B00A75B9A /* Debug */,
				13B07F951A680F5B00A75B9A /* Release */,
			);
			defaultConfigurationIsVisible = 0;
			defaultConfigurationName = Release;
		};
		83CBB9FA1A601CBA00E9B192 /* Build configuration list for PBXProject "MoreExcitingLife" */ = {
			isa = XCConfigurationList;
			buildConfigurations = (
				83CBBA201A601CBA00E9B192 /* Debug */,
				83CBBA211A601CBA00E9B192 /* Release */,
			);
			defaultConfigurationIsVisible = 0;
			defaultConfigurationName = Release;
		};
/* End XCConfigurationList section */
	};
	rootObject = 83CBB9F71A601CBA00E9B192 /* Project object */;
}
